// !$*UTF8*$!
{
	archiveVersion = 1;
	classes = {
	};
	objectVersion = 50;
	objects = {

/* Begin PBXBuildFile section */
		EA7A94AA22D5C3F400403C3C /* AppDelegate.m in Sources */ = {isa = PBXBuildFile; fileRef = EA7A94A922D5C3F400403C3C /* AppDelegate.m */; };
		EA7A94AD22D5C3F400403C3C /* ViewController.m in Sources */ = {isa = PBXBuildFile; fileRef = EA7A94AC22D5C3F400403C3C /* ViewController.m */; };
		EA7A94B022D5C3F400403C3C /* Main.storyboard in Resources */ = {isa = PBXBuildFile; fileRef = EA7A94AE22D5C3F400403C3C /* Main.storyboard */; };
		EA7A94B222D5C3F400403C3C /* Assets.xcassets in Resources */ = {isa = PBXBuildFile; fileRef = EA7A94B122D5C3F400403C3C /* Assets.xcassets */; };
		EA7A94B522D5C3F400403C3C /* LaunchScreen.storyboard in Resources */ = {isa = PBXBuildFile; fileRef = EA7A94B322D5C3F400403C3C /* LaunchScreen.storyboard */; };
		EA7A94B822D5C3F400403C3C /* main.m in Sources */ = {isa = PBXBuildFile; fileRef = EA7A94B722D5C3F400403C3C /* main.m */; };
		EA7A94C022D5C44B00403C3C /* HC_centerSlider_Refresh@3x.png in Resources */ = {isa = PBXBuildFile; fileRef = EA7A94BE22D5C44B00403C3C /* HC_centerSlider_Refresh@3x.png */; };
		EA7A94C122D5C44B00403C3C /* HC_centerSlider_Refresh@2x.png in Resources */ = {isa = PBXBuildFile; fileRef = EA7A94BF22D5C44B00403C3C /* HC_centerSlider_Refresh@2x.png */; };
/* End PBXBuildFile section */

/* Begin PBXFileReference section */
		EA7A94A522D5C3F400403C3C /* TestImage.app */ = {isa = PBXFileReference; explicitFileType = wrapper.application; includeInIndex = 0; path = TestImage.app; sourceTree = BUILT_PRODUCTS_DIR; };
		EA7A94A822D5C3F400403C3C /* AppDelegate.h */ = {isa = PBXFileReference; lastKnownFileType = sourcecode.c.h; path = AppDelegate.h; sourceTree = "<group>"; };
		EA7A94A922D5C3F400403C3C /* AppDelegate.m */ = {isa = PBXFileReference; lastKnownFileType = sourcecode.c.objc; path = AppDelegate.m; sourceTree = "<group>"; };
		EA7A94AB22D5C3F400403C3C /* ViewController.h */ = {isa = PBXFileReference; lastKnownFileType = sourcecode.c.h; path = ViewController.h; sourceTree = "<group>"; };
		EA7A94AC22D5C3F400403C3C /* ViewController.m */ = {isa = PBXFileReference; lastKnownFileType = sourcecode.c.objc; path = ViewController.m; sourceTree = "<group>"; };
		EA7A94AF22D5C3F400403C3C /* Base */ = {isa = PBXFileReference; lastKnownFileType = file.storyboard; name = Base; path = Base.lproj/Main.storyboard; sourceTree = "<group>"; };
		EA7A94B122D5C3F400403C3C /* Assets.xcassets */ = {isa = PBXFileReference; lastKnownFileType = folder.assetcatalog; path = Assets.xcassets; sourceTree = "<group>"; };
		EA7A94B422D5C3F400403C3C /* Base */ = {isa = PBXFileReference; lastKnownFileType = file.storyboard; name = Base; path = Base.lproj/LaunchScreen.storyboard; sourceTree = "<group>"; };
		EA7A94B622D5C3F400403C3C /* Info.plist */ = {isa = PBXFileReference; lastKnownFileType = text.plist.xml; path = Info.plist; sourceTree = "<group>"; };
		EA7A94B722D5C3F400403C3C /* main.m */ = {isa = PBXFileReference; lastKnownFileType = sourcecode.c.objc; path = main.m; sourceTree = "<group>"; };
		EA7A94BE22D5C44B00403C3C /* HC_centerSlider_Refresh@3x.png */ = {isa = PBXFileReference; lastKnownFileType = image.png; path = "HC_centerSlider_Refresh@3x.png"; sourceTree = "<group>"; };
		EA7A94BF22D5C44B00403C3C /* HC_centerSlider_Refresh@2x.png */ = {isa = PBXFileReference; lastKnownFileType = image.png; path = "HC_centerSlider_Refresh@2x.png"; sourceTree = "<group>"; };
/* End PBXFileReference section */

/* Begin PBXFrameworksBuildPhase section */
		EA7A94A222D5C3F400403C3C /* Frameworks */ = {
			isa = PBXFrameworksBuildPhase;
			buildActionMask = 2147483647;
			files = (
			);
			runOnlyForDeploymentPostprocessing = 0;
		};
/* End PBXFrameworksBuildPhase section */

/* Begin PBXGroup section */
		EA7A949C22D5C3F300403C3C = {
			isa = PBXGroup;
			children = (
				EA7A94A722D5C3F400403C3C /* TestImage */,
				EA7A94A622D5C3F400403C3C /* Products */,
			);
			sourceTree = "<group>";
		};
		EA7A94A622D5C3F400403C3C /* Products */ = {
			isa = PBXGroup;
			children = (
				EA7A94A522D5C3F400403C3C /* TestImage.app */,
			);
			name = Products;
			sourceTree = "<group>";
		};
		EA7A94A722D5C3F400403C3C /* TestImage */ = {
			isa = PBXGroup;
			children = (
				EA7A94A822D5C3F400403C3C /* AppDelegate.h */,
				EA7A94A922D5C3F400403C3C /* AppDelegate.m */,
				EA7A94AB22D5C3F400403C3C /* ViewController.h */,
				EA7A94AC22D5C3F400403C3C /* ViewController.m */,
				EA7A94BF22D5C44B00403C3C /* HC_centerSlider_Refresh@2x.png */,
				EA7A94BE22D5C44B00403C3C /* HC_centerSlider_Refresh@3x.png */,
				EA7A94AE22D5C3F400403C3C /* Main.storyboard */,
				EA7A94B122D5C3F400403C3C /* Assets.xcassets */,
				EA7A94B322D5C3F400403C3C /* LaunchScreen.storyboard */,
				EA7A94B622D5C3F400403C3C /* Info.plist */,
				EA7A94B722D5C3F400403C3C /* main.m */,
			);
			path = TestImage;
			sourceTree = "<group>";
		};
/* End PBXGroup section */

/* Begin PBXNativeTarget section */
		EA7A94A422D5C3F400403C3C /* TestImage */ = {
			isa = PBXNativeTarget;
			buildConfigurationList = EA7A94BB22D5C3F400403C3C /* Build configuration list for PBXNativeTarget "TestImage" */;
			buildPhases = (
				EA7A94A122D5C3F400403C3C /* Sources */,
				EA7A94A222D5C3F400403C3C /* Frameworks */,
				EA7A94A322D5C3F400403C3C /* Resources */,
			);
			buildRules = (
			);
			dependencies = (
			);
			name = TestImage;
			productName = TestImage;
			productReference = EA7A94A522D5C3F400403C3C /* TestImage.app */;
			productType = "com.apple.product-type.application";
		};
/* End PBXNativeTarget section */

/* Begin PBXProject section */
		EA7A949D22D5C3F300403C3C /* Project object */ = {
			isa = PBXProject;
			attributes = {
				LastUpgradeCheck = 1020;
				ORGANIZATIONNAME = nyl;
				TargetAttributes = {
					EA7A94A422D5C3F400403C3C = {
						CreatedOnToolsVersion = 10.2;
					};
				};
			};
			buildConfigurationList = EA7A94A022D5C3F300403C3C /* Build configuration list for PBXProject "TestImage" */;
			compatibilityVersion = "Xcode 9.3";
			developmentRegion = en;
			hasScannedForEncodings = 0;
			knownRegions = (
				en,
				Base,
			);
			mainGroup = EA7A949C22D5C3F300403C3C;
			productRefGroup = EA7A94A622D5C3F400403C3C /* Products */;
			projectDirPath = "";
			projectRoot = "";
			targets = (
				EA7A94A422D5C3F400403C3C /* TestImage */,
			);
		};
/* End PBXProject section */

/* Begin PBXResourcesBuildPhase section */
		EA7A94A322D5C3F400403C3C /* Resources */ = {
			isa = PBXResourcesBuildPhase;
			buildActionMask = 2147483647;
			files = (
				EA7A94C022D5C44B00403C3C /* HC_centerSlider_Refresh@3x.png in Resources */,
				EA7A94B522D5C3F400403C3C /* LaunchScreen.storyboard in Resources */,
				EA7A94C122D5C44B00403C3C /* HC_centerSlider_Refresh@2x.png in Resources */,
				EA7A94B222D5C3F400403C3C /* Assets.xcassets in Resources */,
				EA7A94B022D5C3F400403C3C /* Main.storyboard in Resources */,
			);
			runOnlyForDeploymentPostprocessing = 0;
		};
/* End PBXResourcesBuildPhase section */

/* Begin PBXSourcesBuildPhase section */
		EA7A94A122D5C3F400403C3C /* Sources */ = {
			isa = PBXSourcesBuildPhase;
			buildActionMask = 2147483647;
			files = (
				EA7A94AD22D5C3F400403C3C /* ViewController.m in Sources */,
				EA7A94B822D5C3F400403C3C /* main.m in Sources */,
				EA7A94AA22D5C3F400403C3C /* AppDelegate.m in Sources */,
			);
			runOnlyForDeploymentPostprocessing = 0;
		};
/* End PBXSourcesBuildPhase section */

/* Begin PBXVariantGroup section */
		EA7A94AE22D5C3F400403C3C /* Main.storyboard */ = {
			isa = PBXVariantGroup;
			children = (
				EA7A94AF22D5C3F400403C3C /* Base */,
			);
			name = Main.storyboard;
			sourceTree = "<group>";
		};
		EA7A94B322D5C3F400403C3C /* LaunchScreen.storyboard */ = {
			isa = PBXVariantGroup;
			children = (
				EA7A94B422D5C3F400403C3C /* Base */,
			);
			name = LaunchScreen.storyboard;
			sourceTree = "<group>";
		};
/* End PBXVariantGroup section */

/* Begin XCBuildConfiguration section */
		EA7A94B922D5C3F400403C3C /* Debug */ = {
			isa = XCBuildConfiguration;
			buildSettings = {
				ALWAYS_SEARCH_USER_PATHS = NO;
				CLANG_ANALYZER_NONNULL = YES;
				CLANG_ANALYZER_NUMBER_OBJECT_CONVERSION = YES_AGGRESSIVE;
				CLANG_CXX_LANGUAGE_STANDARD = "gnu++14";
				CLANG_CXX_LIBRARY = "libc++";
				CLANG_ENABLE_MODULES = YES;
				CLANG_ENABLE_OBJC_ARC = YES;
				CLANG_ENABLE_OBJC_WEAK = YES;
				CLANG_WARN_BLOCK_CAPTURE_AUTORELEASING = YES;
				CLANG_WARN_BOOL_CONVERSION = YES;
				CLANG_WARN_COMMA = YES;
				CLANG_WARN_CONSTANT_CONVERSION = YES;
				CLANG_WARN_DEPRECATED_OBJC_IMPLEMENTATIONS = YES;
				CLANG_WARN_DIRECT_OBJC_ISA_USAGE = YES_ERROR;
				CLANG_WARN_DOCUMENTATION_COMMENTS = YES;
				CLANG_WARN_EMPTY_BODY = YES;
				CLANG_WARN_ENUM_CONVERSION = YES;
				CLANG_WARN_INFINITE_RECURSION = YES;
				CLANG_WARN_INT_CONVERSION = YES;
				CLANG_WARN_NON_LITERAL_NULL_CONVERSION = YES;
				CLANG_WARN_OBJC_IMPLICIT_RETAIN_SELF = YES;
				CLANG_WARN_OBJC_LITERAL_CONVERSION = YES;
				CLANG_WARN_OBJC_ROOT_CLASS = YES_ERROR;
				CLANG_WARN_RANGE_LOOP_ANALYSIS = YES;
				CLANG_WARN_STRICT_PROTOTYPES = YES;
				CLANG_WARN_SUSPICIOUS_MOVE = YES;
				CLANG_WARN_UNGUARDED_AVAILABILITY = YES_AGGRESSIVE;
				CLANG_WARN_UNREACHABLE_CODE = YES;
				CLANG_WARN__DUPLICATE_METHOD_MATCH = YES;
				CODE_SIGN_IDENTITY = "iPhone Developer";
				COPY_PHASE_STRIP = NO;
				DEBUG_INFORMATION_FORMAT = dwarf;
				ENABLE_STRICT_OBJC_MSGSEND = YES;
				ENABLE_TESTABILITY = YES;
				GCC_C_LANGUAGE_STANDARD = gnu11;
				GCC_DYNAMIC_NO_PIC = NO;
				GCC_NO_COMMON_BLOCKS = YES;
				GCC_OPTIMIZATION_LEVEL = 0;
				GCC_PREPROCESSOR_DEFINITIONS = (
					"DEBUG=1",
					"$(inherited)",
				);
				GCC_WARN_64_TO_32_BIT_CONVERSION = YES;
				GCC_WARN_ABOUT_RETURN_TYPE = YES_ERROR;
				GCC_WARN_UNDECLARED_SELECTOR = YES;
				GCC_WARN_UNINITIALIZED_AUTOS = YES_AGGRESSIVE;
				GCC_WARN_UNUSED_FUNCTION = YES;
				GCC_WARN_UNUSED_VARIABLE = YES;
				IPHONEOS_DEPLOYMENT_TARGET = 12.2;
				MTL_ENABLE_DEBUG_INFO = INCLUDE_SOURCE;
				MTL_FAST_MATH = YES;
				ONLY_ACTIVE_ARCH = YES;
				SDKROOT = iphoneos;
			};
			name = Debug;
		};
		EA7A94BA22D5C3F400403C3C /* Release */ = {
			isa = XCBuildConfiguration;
			buildSettings = {
				ALWAYS_SEARCH_USER_PATHS = NO;
				CLANG_ANALYZER_NONNULL = YES;
				CLANG_ANALYZER_NUMBER_OBJECT_CONVERSION = YES_AGGRESSIVE;
				CLANG_CXX_LANGUAGE_STANDARD = "gnu++14";
				CLANG_CXX_LIBRARY = "libc++";
				CLANG_ENABLE_MODULES = YES;
				CLANG_ENABLE_OBJC_ARC = YES;
				CLANG_ENABLE_OBJC_WEAK = YES;
				CLANG_WARN_BLOCK_CAPTURE_AUTORELEASING = YES;
				CLANG_WARN_BOOL_CONVERSION = YES;
				CLANG_WARN_COMMA = YES;
				CLANG_WARN_CONSTANT_CONVERSION = YES;
				CLANG_WARN_DEPRECATED_OBJC_IMPLEMENTATIONS = YES;
				CLANG_WARN_DIRECT_OBJC_ISA_USAGE = YES_ERROR;
				CLANG_WARN_DOCUMENTATION_COMMENTS = YES;
				CLANG_WARN_EMPTY_BODY = YES;
				CLANG_WARN_ENUM_CONVERSION = YES;
				CLANG_WARN_INFINITE_RECURSION = YES;
				CLANG_WARN_INT_CONVERSION = YES;
				CLANG_WARN_NON_LITERAL_NULL_CONVERSION = YES;
				CLANG_WARN_OBJC_IMPLICIT_RETAIN_SELF = YES;
				CLANG_WARN_OBJC_LITERAL_CONVERSION = YES;
				CLANG_WARN_OBJC_ROOT_CLASS = YES_ERROR;
				CLANG_WARN_RANGE_LOOP_ANALYSIS = YES;
				CLANG_WARN_STRICT_PROTOTYPES = YES;
				CLANG_WARN_SUSPICIOUS_MOVE = YES;
				CLANG_WARN_UNGUARDED_AVAILABILITY = YES_AGGRESSIVE;
				CLANG_WARN_UNREACHABLE_CODE = YES;
				CLANG_WARN__DUPLICATE_METHOD_MATCH = YES;
				CODE_SIGN_IDENTITY = "iPhone Developer";
				COPY_PHASE_STRIP = NO;
				DEBUG_INFORMATION_FORMAT = "dwarf-with-dsym";
				ENABLE_NS_ASSERTIONS = NO;
				ENABLE_STRICT_OBJC_MSGSEND = YES;
				GCC_C_LANGUAGE_STANDARD = gnu11;
				GCC_NO_COMMON_BLOCKS = YES;
				GCC_WARN_64_TO_32_BIT_CONVERSION = YES;
				GCC_WARN_ABOUT_RETURN_TYPE = YES_ERROR;
				GCC_WARN_UNDECLARED_SELECTOR = YES;
				GCC_WARN_UNINITIALIZED_AUTOS = YES_AGGRESSIVE;
				GCC_WARN_UNUSED_FUNCTION = YES;
				GCC_WARN_UNUSED_VARIABLE = YES;
				IPHONEOS_DEPLOYMENT_TARGET = 12.2;
				MTL_ENABLE_DEBUG_INFO = NO;
				MTL_FAST_MATH = YES;
				SDKROOT = iphoneos;
				VALIDATE_PRODUCT = YES;
			};
			name = Release;
		};
		EA7A94BC22D5C3F400403C3C /* Debug */ = {
			isa = XCBuildConfiguration;
			buildSettings = {
				ASSETCATALOG_COMPILER_APPICON_NAME = AppIcon;
				CODE_SIGN_STYLE = Automatic;
				DEVELOPMENT_TEAM = 27P38Y7966;
				INFOPLIST_FILE = TestImage/Info.plist;
				LD_RUNPATH_SEARCH_PATHS = (
					"$(inherited)",
					"@executable_path/Frameworks",
				);
				PRODUCT_BUNDLE_IDENTIFIER = nyl.TestImage;
				PRODUCT_NAME = "$(TARGET_NAME)";
				TARGETED_DEVICE_FAMILY = "1,2";
			};
			name = Debug;
		};
		EA7A94BD22D5C3F400403C3C /* Release */ = {
			isa = XCBuildConfiguration;
			buildSettings = {
				ASSETCATALOG_COMPILER_APPICON_NAME = AppIcon;
				CODE_SIGN_STYLE = Automatic;
				DEVELOPMENT_TEAM = 27P38Y7966;
				INFOPLIST_FILE = TestImage/Info.plist;
				LD_RUNPATH_SEARCH_PATHS = (
					"$(inherited)",
					"@executable_path/Frameworks",
				);
				PRODUCT_BUNDLE_IDENTIFIER = nyl.TestImage;
				PRODUCT_NAME = "$(TARGET_NAME)";
				TARGETED_DEVICE_FAMILY = "1,2";
			};
			name = Release;
		};
/* End XCBuildConfiguration section */

/* Begin XCConfigurationList section */
		EA7A94A022D5C3F300403C3C /* Build configuration list for PBXProject "TestImage" */ = {
			isa = XCConfigurationList;
			buildConfigurations = (
				EA7A94B922D5C3F400403C3C /* Debug */,
				EA7A94BA22D5C3F400403C3C /* Release */,
			);
			defaultConfigurationIsVisible = 0;
			defaultConfigurationName = Release;
		};
		EA7A94BB22D5C3F400403C3C /* Build configuration list for PBXNativeTarget "TestImage" */ = {
			isa = XCConfigurationList;
			buildConfigurations = (
				EA7A94BC22D5C3F400403C3C /* Debug */,
				EA7A94BD22D5C3F400403C3C /* Release */,
			);
			defaultConfigurationIsVisible = 0;
			defaultConfigurationName = Release;
		};
/* End XCConfigurationList section */
	};
	rootObject = EA7A949D22D5C3F300403C3C /* Project object */;
}
