// !$*UTF8*$!
{
	archiveVersion = 1;
	classes = {
	};
	objectVersion = 50;
	objects = {

/* Begin PBXBuildFile section */
		EADB7599223BAE9A00B23832 /* AppDelegate.m in Sources */ = {isa = PBXBuildFile; fileRef = EADB7598223BAE9A00B23832 /* AppDelegate.m */; };
		EADB759C223BAE9A00B23832 /* ViewController.m in Sources */ = {isa = PBXBuildFile; fileRef = EADB759B223BAE9A00B23832 /* ViewController.m */; };
		EADB759F223BAE9A00B23832 /* Main.storyboard in Resources */ = {isa = PBXBuildFile; fileRef = EADB759D223BAE9A00B23832 /* Main.storyboard */; };
		EADB75A1223BAE9C00B23832 /* Assets.xcassets in Resources */ = {isa = PBXBuildFile; fileRef = EADB75A0223BAE9C00B23832 /* Assets.xcassets */; };
		EADB75A4223BAE9C00B23832 /* LaunchScreen.storyboard in Resources */ = {isa = PBXBuildFile; fileRef = EADB75A2223BAE9C00B23832 /* LaunchScreen.storyboard */; };
		EADB75A7223BAE9C00B23832 /* main.m in Sources */ = {isa = PBXBuildFile; fileRef = EADB75A6223BAE9C00B23832 /* main.m */; };
		EADB75AF223BB2CF00B23832 /* YYFPSLabel.m in Sources */ = {isa = PBXBuildFile; fileRef = EADB75AE223BB2CF00B23832 /* YYFPSLabel.m */; };
		EADB75B2223BB35A00B23832 /* YYWeakProxy.m in Sources */ = {isa = PBXBuildFile; fileRef = EADB75B0223BB35A00B23832 /* YYWeakProxy.m */; };
/* End PBXBuildFile section */

/* Begin PBXFileReference section */
		EADB7594223BAE9A00B23832 /* TestDispatchAfter.app */ = {isa = PBXFileReference; explicitFileType = wrapper.application; includeInIndex = 0; path = TestDispatchAfter.app; sourceTree = BUILT_PRODUCTS_DIR; };
		EADB7597223BAE9A00B23832 /* AppDelegate.h */ = {isa = PBXFileReference; lastKnownFileType = sourcecode.c.h; path = AppDelegate.h; sourceTree = "<group>"; };
		EADB7598223BAE9A00B23832 /* AppDelegate.m */ = {isa = PBXFileReference; lastKnownFileType = sourcecode.c.objc; path = AppDelegate.m; sourceTree = "<group>"; };
		EADB759A223BAE9A00B23832 /* ViewController.h */ = {isa = PBXFileReference; lastKnownFileType = sourcecode.c.h; path = ViewController.h; sourceTree = "<group>"; };
		EADB759B223BAE9A00B23832 /* ViewController.m */ = {isa = PBXFileReference; lastKnownFileType = sourcecode.c.objc; path = ViewController.m; sourceTree = "<group>"; };
		EADB759E223BAE9A00B23832 /* Base */ = {isa = PBXFileReference; lastKnownFileType = file.storyboard; name = Base; path = Base.lproj/Main.storyboard; sourceTree = "<group>"; };
		EADB75A0223BAE9C00B23832 /* Assets.xcassets */ = {isa = PBXFileReference; lastKnownFileType = folder.assetcatalog; path = Assets.xcassets; sourceTree = "<group>"; };
		EADB75A3223BAE9C00B23832 /* Base */ = {isa = PBXFileReference; lastKnownFileType = file.storyboard; name = Base; path = Base.lproj/LaunchScreen.storyboard; sourceTree = "<group>"; };
		EADB75A5223BAE9C00B23832 /* Info.plist */ = {isa = PBXFileReference; lastKnownFileType = text.plist.xml; path = Info.plist; sourceTree = "<group>"; };
		EADB75A6223BAE9C00B23832 /* main.m */ = {isa = PBXFileReference; lastKnownFileType = sourcecode.c.objc; path = main.m; sourceTree = "<group>"; };
		EADB75AD223BB2CF00B23832 /* YYFPSLabel.h */ = {isa = PBXFileReference; fileEncoding = 4; lastKnownFileType = sourcecode.c.h; path = YYFPSLabel.h; sourceTree = "<group>"; };
		EADB75AE223BB2CF00B23832 /* YYFPSLabel.m */ = {isa = PBXFileReference; fileEncoding = 4; lastKnownFileType = sourcecode.c.objc; path = YYFPSLabel.m; sourceTree = "<group>"; };
		EADB75B0223BB35A00B23832 /* YYWeakProxy.m */ = {isa = PBXFileReference; fileEncoding = 4; lastKnownFileType = sourcecode.c.objc; path = YYWeakProxy.m; sourceTree = "<group>"; };
		EADB75B1223BB35A00B23832 /* YYWeakProxy.h */ = {isa = PBXFileReference; fileEncoding = 4; lastKnownFileType = sourcecode.c.h; path = YYWeakProxy.h; sourceTree = "<group>"; };
/* End PBXFileReference section */

/* Begin PBXFrameworksBuildPhase section */
		EADB7591223BAE9A00B23832 /* Frameworks */ = {
			isa = PBXFrameworksBuildPhase;
			buildActionMask = 2147483647;
			files = (
			);
			runOnlyForDeploymentPostprocessing = 0;
		};
/* End PBXFrameworksBuildPhase section */

/* Begin PBXGroup section */
		EADB758B223BAE9A00B23832 = {
			isa = PBXGroup;
			children = (
				EADB7596223BAE9A00B23832 /* TestDispatchAfter */,
				EADB7595223BAE9A00B23832 /* Products */,
			);
			sourceTree = "<group>";
		};
		EADB7595223BAE9A00B23832 /* Products */ = {
			isa = PBXGroup;
			children = (
				EADB7594223BAE9A00B23832 /* TestDispatchAfter.app */,
			);
			name = Products;
			sourceTree = "<group>";
		};
		EADB7596223BAE9A00B23832 /* TestDispatchAfter */ = {
			isa = PBXGroup;
			children = (
				EADB7597223BAE9A00B23832 /* AppDelegate.h */,
				EADB7598223BAE9A00B23832 /* AppDelegate.m */,
				EADB75AD223BB2CF00B23832 /* YYFPSLabel.h */,
				EADB75AE223BB2CF00B23832 /* YYFPSLabel.m */,
				EADB75B1223BB35A00B23832 /* YYWeakProxy.h */,
				EADB75B0223BB35A00B23832 /* YYWeakProxy.m */,
				EADB759A223BAE9A00B23832 /* ViewController.h */,
				EADB759B223BAE9A00B23832 /* ViewController.m */,
				EADB759D223BAE9A00B23832 /* Main.storyboard */,
				EADB75A0223BAE9C00B23832 /* Assets.xcassets */,
				EADB75A2223BAE9C00B23832 /* LaunchScreen.storyboard */,
				EADB75A5223BAE9C00B23832 /* Info.plist */,
				EADB75A6223BAE9C00B23832 /* main.m */,
			);
			path = TestDispatchAfter;
			sourceTree = "<group>";
		};
/* End PBXGroup section */

/* Begin PBXNativeTarget section */
		EADB7593223BAE9A00B23832 /* TestDispatchAfter */ = {
			isa = PBXNativeTarget;
			buildConfigurationList = EADB75AA223BAE9C00B23832 /* Build configuration list for PBXNativeTarget "TestDispatchAfter" */;
			buildPhases = (
				EADB7590223BAE9A00B23832 /* Sources */,
				EADB7591223BAE9A00B23832 /* Frameworks */,
				EADB7592223BAE9A00B23832 /* Resources */,
			);
			buildRules = (
			);
			dependencies = (
			);
			name = TestDispatchAfter;
			productName = TestDispatchAfter;
			productReference = EADB7594223BAE9A00B23832 /* TestDispatchAfter.app */;
			productType = "com.apple.product-type.application";
		};
/* End PBXNativeTarget section */

/* Begin PBXProject section */
		EADB758C223BAE9A00B23832 /* Project object */ = {
			isa = PBXProject;
			attributes = {
				LastUpgradeCheck = 1010;
				ORGANIZATIONNAME = nyl;
				TargetAttributes = {
					EADB7593223BAE9A00B23832 = {
						CreatedOnToolsVersion = 10.1;
					};
				};
			};
			buildConfigurationList = EADB758F223BAE9A00B23832 /* Build configuration list for PBXProject "TestDispatchAfter" */;
			compatibilityVersion = "Xcode 9.3";
			developmentRegion = en;
			hasScannedForEncodings = 0;
			knownRegions = (
				en,
				Base,
			);
			mainGroup = EADB758B223BAE9A00B23832;
			productRefGroup = EADB7595223BAE9A00B23832 /* Products */;
			projectDirPath = "";
			projectRoot = "";
			targets = (
				EADB7593223BAE9A00B23832 /* TestDispatchAfter */,
			);
		};
/* End PBXProject section */

/* Begin PBXResourcesBuildPhase section */
		EADB7592223BAE9A00B23832 /* Resources */ = {
			isa = PBXResourcesBuildPhase;
			buildActionMask = 2147483647;
			files = (
				EADB75A4223BAE9C00B23832 /* LaunchScreen.storyboard in Resources */,
				EADB75A1223BAE9C00B23832 /* Assets.xcassets in Resources */,
				EADB759F223BAE9A00B23832 /* Main.storyboard in Resources */,
			);
			runOnlyForDeploymentPostprocessing = 0;
		};
/* End PBXResourcesBuildPhase section */

/* Begin PBXSourcesBuildPhase section */
		EADB7590223BAE9A00B23832 /* Sources */ = {
			isa = PBXSourcesBuildPhase;
			buildActionMask = 2147483647;
			files = (
				EADB759C223BAE9A00B23832 /* ViewController.m in Sources */,
				EADB75A7223BAE9C00B23832 /* main.m in Sources */,
				EADB75AF223BB2CF00B23832 /* YYFPSLabel.m in Sources */,
				EADB7599223BAE9A00B23832 /* AppDelegate.m in Sources */,
				EADB75B2223BB35A00B23832 /* YYWeakProxy.m in Sources */,
			);
			runOnlyForDeploymentPostprocessing = 0;
		};
/* End PBXSourcesBuildPhase section */

/* Begin PBXVariantGroup section */
		EADB759D223BAE9A00B23832 /* Main.storyboard */ = {
			isa = PBXVariantGroup;
			children = (
				EADB759E223BAE9A00B23832 /* Base */,
			);
			name = Main.storyboard;
			sourceTree = "<group>";
		};
		EADB75A2223BAE9C00B23832 /* LaunchScreen.storyboard */ = {
			isa = PBXVariantGroup;
			children = (
				EADB75A3223BAE9C00B23832 /* Base */,
			);
			name = LaunchScreen.storyboard;
			sourceTree = "<group>";
		};
/* End PBXVariantGroup section */

/* Begin XCBuildConfiguration section */
		EADB75A8223BAE9C00B23832 /* Debug */ = {
			isa = XCBuildConfiguration;
			buildSettings = {
				ALWAYS_SEARCH_USER_PATHS = NO;
				CLANG_ANALYZER_NONNULL = YES;
				CLANG_ANALYZER_NUMBER_OBJECT_CONVERSION = YES_AGGRESSIVE;
				CLANG_CXX_LANGUAGE_STANDARD = "gnu++14";
				CLANG_CXX_LIBRARY = "libc++";
				CLANG_ENABLE_MODULES = YES;
				CLANG_ENABLE_OBJC_ARC = YES;
				CLANG_ENABLE_OBJC_WEAK = YES;
				CLANG_WARN_BLOCK_CAPTURE_AUTORELEASING = YES;
				CLANG_WARN_BOOL_CONVERSION = YES;
				CLANG_WARN_COMMA = YES;
				CLANG_WARN_CONSTANT_CONVERSION = YES;
				CLANG_WARN_DEPRECATED_OBJC_IMPLEMENTATIONS = YES;
				CLANG_WARN_DIRECT_OBJC_ISA_USAGE = YES_ERROR;
				CLANG_WARN_DOCUMENTATION_COMMENTS = YES;
				CLANG_WARN_EMPTY_BODY = YES;
				CLANG_WARN_ENUM_CONVERSION = YES;
				CLANG_WARN_INFINITE_RECURSION = YES;
				CLANG_WARN_INT_CONVERSION = YES;
				CLANG_WARN_NON_LITERAL_NULL_CONVERSION = YES;
				CLANG_WARN_OBJC_IMPLICIT_RETAIN_SELF = YES;
				CLANG_WARN_OBJC_LITERAL_CONVERSION = YES;
				CLANG_WARN_OBJC_ROOT_CLASS = YES_ERROR;
				CLANG_WARN_RANGE_LOOP_ANALYSIS = YES;
				CLANG_WARN_STRICT_PROTOTYPES = YES;
				CLANG_WARN_SUSPICIOUS_MOVE = YES;
				CLANG_WARN_UNGUARDED_AVAILABILITY = YES_AGGRESSIVE;
				CLANG_WARN_UNREACHABLE_CODE = YES;
				CLANG_WARN__DUPLICATE_METHOD_MATCH = YES;
				CODE_SIGN_IDENTITY = "iPhone Developer";
				COPY_PHASE_STRIP = NO;
				DEBUG_INFORMATION_FORMAT = dwarf;
				ENABLE_STRICT_OBJC_MSGSEND = YES;
				ENABLE_TESTABILITY = YES;
				GCC_C_LANGUAGE_STANDARD = gnu11;
				GCC_DYNAMIC_NO_PIC = NO;
				GCC_NO_COMMON_BLOCKS = YES;
				GCC_OPTIMIZATION_LEVEL = 0;
				GCC_PREPROCESSOR_DEFINITIONS = (
					"DEBUG=1",
					"$(inherited)",
				);
				GCC_WARN_64_TO_32_BIT_CONVERSION = YES;
				GCC_WARN_ABOUT_RETURN_TYPE = YES_ERROR;
				GCC_WARN_UNDECLARED_SELECTOR = YES;
				GCC_WARN_UNINITIALIZED_AUTOS = YES_AGGRESSIVE;
				GCC_WARN_UNUSED_FUNCTION = YES;
				GCC_WARN_UNUSED_VARIABLE = YES;
				IPHONEOS_DEPLOYMENT_TARGET = 12.1;
				MTL_ENABLE_DEBUG_INFO = INCLUDE_SOURCE;
				MTL_FAST_MATH = YES;
				ONLY_ACTIVE_ARCH = YES;
				SDKROOT = iphoneos;
			};
			name = Debug;
		};
		EADB75A9223BAE9C00B23832 /* Release */ = {
			isa = XCBuildConfiguration;
			buildSettings = {
				ALWAYS_SEARCH_USER_PATHS = NO;
				CLANG_ANALYZER_NONNULL = YES;
				CLANG_ANALYZER_NUMBER_OBJECT_CONVERSION = YES_AGGRESSIVE;
				CLANG_CXX_LANGUAGE_STANDARD = "gnu++14";
				CLANG_CXX_LIBRARY = "libc++";
				CLANG_ENABLE_MODULES = YES;
				CLANG_ENABLE_OBJC_ARC = YES;
				CLANG_ENABLE_OBJC_WEAK = YES;
				CLANG_WARN_BLOCK_CAPTURE_AUTORELEASING = YES;
				CLANG_WARN_BOOL_CONVERSION = YES;
				CLANG_WARN_COMMA = YES;
				CLANG_WARN_CONSTANT_CONVERSION = YES;
				CLANG_WARN_DEPRECATED_OBJC_IMPLEMENTATIONS = YES;
				CLANG_WARN_DIRECT_OBJC_ISA_USAGE = YES_ERROR;
				CLANG_WARN_DOCUMENTATION_COMMENTS = YES;
				CLANG_WARN_EMPTY_BODY = YES;
				CLANG_WARN_ENUM_CONVERSION = YES;
				CLANG_WARN_INFINITE_RECURSION = YES;
				CLANG_WARN_INT_CONVERSION = YES;
				CLANG_WARN_NON_LITERAL_NULL_CONVERSION = YES;
				CLANG_WARN_OBJC_IMPLICIT_RETAIN_SELF = YES;
				CLANG_WARN_OBJC_LITERAL_CONVERSION = YES;
				CLANG_WARN_OBJC_ROOT_CLASS = YES_ERROR;
				CLANG_WARN_RANGE_LOOP_ANALYSIS = YES;
				CLANG_WARN_STRICT_PROTOTYPES = YES;
				CLANG_WARN_SUSPICIOUS_MOVE = YES;
				CLANG_WARN_UNGUARDED_AVAILABILITY = YES_AGGRESSIVE;
				CLANG_WARN_UNREACHABLE_CODE = YES;
				CLANG_WARN__DUPLICATE_METHOD_MATCH = YES;
				CODE_SIGN_IDENTITY = "iPhone Developer";
				COPY_PHASE_STRIP = NO;
				DEBUG_INFORMATION_FORMAT = "dwarf-with-dsym";
				ENABLE_NS_ASSERTIONS = NO;
				ENABLE_STRICT_OBJC_MSGSEND = YES;
				GCC_C_LANGUAGE_STANDARD = gnu11;
				GCC_NO_COMMON_BLOCKS = YES;
				GCC_WARN_64_TO_32_BIT_CONVERSION = YES;
				GCC_WARN_ABOUT_RETURN_TYPE = YES_ERROR;
				GCC_WARN_UNDECLARED_SELECTOR = YES;
				GCC_WARN_UNINITIALIZED_AUTOS = YES_AGGRESSIVE;
				GCC_WARN_UNUSED_FUNCTION = YES;
				GCC_WARN_UNUSED_VARIABLE = YES;
				IPHONEOS_DEPLOYMENT_TARGET = 12.1;
				MTL_ENABLE_DEBUG_INFO = NO;
				MTL_FAST_MATH = YES;
				SDKROOT = iphoneos;
				VALIDATE_PRODUCT = YES;
			};
			name = Release;
		};
		EADB75AB223BAE9C00B23832 /* Debug */ = {
			isa = XCBuildConfiguration;
			buildSettings = {
				ASSETCATALOG_COMPILER_APPICON_NAME = AppIcon;
				CODE_SIGN_STYLE = Automatic;
				DEVELOPMENT_TEAM = 27P38Y7966;
				INFOPLIST_FILE = TestDispatchAfter/Info.plist;
				LD_RUNPATH_SEARCH_PATHS = (
					"$(inherited)",
					"@executable_path/Frameworks",
				);
				PRODUCT_BUNDLE_IDENTIFIER = nyl.TestDispatchAfter;
				PRODUCT_NAME = "$(TARGET_NAME)";
				TARGETED_DEVICE_FAMILY = "1,2";
			};
			name = Debug;
		};
		EADB75AC223BAE9C00B23832 /* Release */ = {
			isa = XCBuildConfiguration;
			buildSettings = {
				ASSETCATALOG_COMPILER_APPICON_NAME = AppIcon;
				CODE_SIGN_STYLE = Automatic;
				DEVELOPMENT_TEAM = 27P38Y7966;
				INFOPLIST_FILE = TestDispatchAfter/Info.plist;
				LD_RUNPATH_SEARCH_PATHS = (
					"$(inherited)",
					"@executable_path/Frameworks",
				);
				PRODUCT_BUNDLE_IDENTIFIER = nyl.TestDispatchAfter;
				PRODUCT_NAME = "$(TARGET_NAME)";
				TARGETED_DEVICE_FAMILY = "1,2";
			};
			name = Release;
		};
/* End XCBuildConfiguration section */

/* Begin XCConfigurationList section */
		EADB758F223BAE9A00B23832 /* Build configuration list for PBXProject "TestDispatchAfter" */ = {
			isa = XCConfigurationList;
			buildConfigurations = (
				EADB75A8223BAE9C00B23832 /* Debug */,
				EADB75A9223BAE9C00B23832 /* Release */,
			);
			defaultConfigurationIsVisible = 0;
			defaultConfigurationName = Release;
		};
		EADB75AA223BAE9C00B23832 /* Build configuration list for PBXNativeTarget "TestDispatchAfter" */ = {
			isa = XCConfigurationList;
			buildConfigurations = (
				EADB75AB223BAE9C00B23832 /* Debug */,
				EADB75AC223BAE9C00B23832 /* Release */,
			);
			defaultConfigurationIsVisible = 0;
			defaultConfigurationName = Release;
		};
/* End XCConfigurationList section */
	};
	rootObject = EADB758C223BAE9A00B23832 /* Project object */;
}
