// !$*UTF8*$!
{
	archiveVersion = 1;
	classes = {
	};
	objectVersion = 50;
	objects = {

/* Begin PBXBuildFile section */
		EACE4D4A21708415007BAE73 /* AppDelegate.m in Sources */ = {isa = PBXBuildFile; fileRef = EACE4D4921708415007BAE73 /* AppDelegate.m */; };
		EACE4D4D21708415007BAE73 /* ViewController.m in Sources */ = {isa = PBXBuildFile; fileRef = EACE4D4C21708415007BAE73 /* ViewController.m */; };
		EACE4D5021708415007BAE73 /* Main.storyboard in Resources */ = {isa = PBXBuildFile; fileRef = EACE4D4E21708415007BAE73 /* Main.storyboard */; };
		EACE4D5221708417007BAE73 /* Assets.xcassets in Resources */ = {isa = PBXBuildFile; fileRef = EACE4D5121708417007BAE73 /* Assets.xcassets */; };
		EACE4D5521708417007BAE73 /* LaunchScreen.storyboard in Resources */ = {isa = PBXBuildFile; fileRef = EACE4D5321708417007BAE73 /* LaunchScreen.storyboard */; };
		EACE4D5821708417007BAE73 /* main.m in Sources */ = {isa = PBXBuildFile; fileRef = EACE4D5721708417007BAE73 /* main.m */; };
/* End PBXBuildFile section */

/* Begin PBXFileReference section */
		EACE4D4521708415007BAE73 /* TestFontSizeAnimation.app */ = {isa = PBXFileReference; explicitFileType = wrapper.application; includeInIndex = 0; path = TestFontSizeAnimation.app; sourceTree = BUILT_PRODUCTS_DIR; };
		EACE4D4821708415007BAE73 /* AppDelegate.h */ = {isa = PBXFileReference; lastKnownFileType = sourcecode.c.h; path = AppDelegate.h; sourceTree = "<group>"; };
		EACE4D4921708415007BAE73 /* AppDelegate.m */ = {isa = PBXFileReference; lastKnownFileType = sourcecode.c.objc; path = AppDelegate.m; sourceTree = "<group>"; };
		EACE4D4B21708415007BAE73 /* ViewController.h */ = {isa = PBXFileReference; lastKnownFileType = sourcecode.c.h; path = ViewController.h; sourceTree = "<group>"; };
		EACE4D4C21708415007BAE73 /* ViewController.m */ = {isa = PBXFileReference; lastKnownFileType = sourcecode.c.objc; path = ViewController.m; sourceTree = "<group>"; };
		EACE4D4F21708415007BAE73 /* Base */ = {isa = PBXFileReference; lastKnownFileType = file.storyboard; name = Base; path = Base.lproj/Main.storyboard; sourceTree = "<group>"; };
		EACE4D5121708417007BAE73 /* Assets.xcassets */ = {isa = PBXFileReference; lastKnownFileType = folder.assetcatalog; path = Assets.xcassets; sourceTree = "<group>"; };
		EACE4D5421708417007BAE73 /* Base */ = {isa = PBXFileReference; lastKnownFileType = file.storyboard; name = Base; path = Base.lproj/LaunchScreen.storyboard; sourceTree = "<group>"; };
		EACE4D5621708417007BAE73 /* Info.plist */ = {isa = PBXFileReference; lastKnownFileType = text.plist.xml; path = Info.plist; sourceTree = "<group>"; };
		EACE4D5721708417007BAE73 /* main.m */ = {isa = PBXFileReference; lastKnownFileType = sourcecode.c.objc; path = main.m; sourceTree = "<group>"; };
/* End PBXFileReference section */

/* Begin PBXFrameworksBuildPhase section */
		EACE4D4221708415007BAE73 /* Frameworks */ = {
			isa = PBXFrameworksBuildPhase;
			buildActionMask = 2147483647;
			files = (
			);
			runOnlyForDeploymentPostprocessing = 0;
		};
/* End PBXFrameworksBuildPhase section */

/* Begin PBXGroup section */
		EACE4D3C21708415007BAE73 = {
			isa = PBXGroup;
			children = (
				EACE4D4721708415007BAE73 /* TestFontSizeAnimation */,
				EACE4D4621708415007BAE73 /* Products */,
			);
			sourceTree = "<group>";
		};
		EACE4D4621708415007BAE73 /* Products */ = {
			isa = PBXGroup;
			children = (
				EACE4D4521708415007BAE73 /* TestFontSizeAnimation.app */,
			);
			name = Products;
			sourceTree = "<group>";
		};
		EACE4D4721708415007BAE73 /* TestFontSizeAnimation */ = {
			isa = PBXGroup;
			children = (
				EACE4D4821708415007BAE73 /* AppDelegate.h */,
				EACE4D4921708415007BAE73 /* AppDelegate.m */,
				EACE4D4B21708415007BAE73 /* ViewController.h */,
				EACE4D4C21708415007BAE73 /* ViewController.m */,
				EACE4D4E21708415007BAE73 /* Main.storyboard */,
				EACE4D5121708417007BAE73 /* Assets.xcassets */,
				EACE4D5321708417007BAE73 /* LaunchScreen.storyboard */,
				EACE4D5621708417007BAE73 /* Info.plist */,
				EACE4D5721708417007BAE73 /* main.m */,
			);
			path = TestFontSizeAnimation;
			sourceTree = "<group>";
		};
/* End PBXGroup section */

/* Begin PBXNativeTarget section */
		EACE4D4421708415007BAE73 /* TestFontSizeAnimation */ = {
			isa = PBXNativeTarget;
			buildConfigurationList = EACE4D5B21708417007BAE73 /* Build configuration list for PBXNativeTarget "TestFontSizeAnimation" */;
			buildPhases = (
				EACE4D4121708415007BAE73 /* Sources */,
				EACE4D4221708415007BAE73 /* Frameworks */,
				EACE4D4321708415007BAE73 /* Resources */,
			);
			buildRules = (
			);
			dependencies = (
			);
			name = TestFontSizeAnimation;
			productName = TestFontSizeAnimation;
			productReference = EACE4D4521708415007BAE73 /* TestFontSizeAnimation.app */;
			productType = "com.apple.product-type.application";
		};
/* End PBXNativeTarget section */

/* Begin PBXProject section */
		EACE4D3D21708415007BAE73 /* Project object */ = {
			isa = PBXProject;
			attributes = {
				LastUpgradeCheck = 0940;
				ORGANIZATIONNAME = nyl;
				TargetAttributes = {
					EACE4D4421708415007BAE73 = {
						CreatedOnToolsVersion = 9.4.1;
					};
				};
			};
			buildConfigurationList = EACE4D4021708415007BAE73 /* Build configuration list for PBXProject "TestFontSizeAnimation" */;
			compatibilityVersion = "Xcode 9.3";
			developmentRegion = en;
			hasScannedForEncodings = 0;
			knownRegions = (
				en,
				Base,
			);
			mainGroup = EACE4D3C21708415007BAE73;
			productRefGroup = EACE4D4621708415007BAE73 /* Products */;
			projectDirPath = "";
			projectRoot = "";
			targets = (
				EACE4D4421708415007BAE73 /* TestFontSizeAnimation */,
			);
		};
/* End PBXProject section */

/* Begin PBXResourcesBuildPhase section */
		EACE4D4321708415007BAE73 /* Resources */ = {
			isa = PBXResourcesBuildPhase;
			buildActionMask = 2147483647;
			files = (
				EACE4D5521708417007BAE73 /* LaunchScreen.storyboard in Resources */,
				EACE4D5221708417007BAE73 /* Assets.xcassets in Resources */,
				EACE4D5021708415007BAE73 /* Main.storyboard in Resources */,
			);
			runOnlyForDeploymentPostprocessing = 0;
		};
/* End PBXResourcesBuildPhase section */

/* Begin PBXSourcesBuildPhase section */
		EACE4D4121708415007BAE73 /* Sources */ = {
			isa = PBXSourcesBuildPhase;
			buildActionMask = 2147483647;
			files = (
				EACE4D4D21708415007BAE73 /* ViewController.m in Sources */,
				EACE4D5821708417007BAE73 /* main.m in Sources */,
				EACE4D4A21708415007BAE73 /* AppDelegate.m in Sources */,
			);
			runOnlyForDeploymentPostprocessing = 0;
		};
/* End PBXSourcesBuildPhase section */

/* Begin PBXVariantGroup section */
		EACE4D4E21708415007BAE73 /* Main.storyboard */ = {
			isa = PBXVariantGroup;
			children = (
				EACE4D4F21708415007BAE73 /* Base */,
			);
			name = Main.storyboard;
			sourceTree = "<group>";
		};
		EACE4D5321708417007BAE73 /* LaunchScreen.storyboard */ = {
			isa = PBXVariantGroup;
			children = (
				EACE4D5421708417007BAE73 /* Base */,
			);
			name = LaunchScreen.storyboard;
			sourceTree = "<group>";
		};
/* End PBXVariantGroup section */

/* Begin XCBuildConfiguration section */
		EACE4D5921708417007BAE73 /* Debug */ = {
			isa = XCBuildConfiguration;
			buildSettings = {
				ALWAYS_SEARCH_USER_PATHS = NO;
				CLANG_ANALYZER_NONNULL = YES;
				CLANG_ANALYZER_NUMBER_OBJECT_CONVERSION = YES_AGGRESSIVE;
				CLANG_CXX_LANGUAGE_STANDARD = "gnu++14";
				CLANG_CXX_LIBRARY = "libc++";
				CLANG_ENABLE_MODULES = YES;
				CLANG_ENABLE_OBJC_ARC = YES;
				CLANG_ENABLE_OBJC_WEAK = YES;
				CLANG_WARN_BLOCK_CAPTURE_AUTORELEASING = YES;
				CLANG_WARN_BOOL_CONVERSION = YES;
				CLANG_WARN_COMMA = YES;
				CLANG_WARN_CONSTANT_CONVERSION = YES;
				CLANG_WARN_DEPRECATED_OBJC_IMPLEMENTATIONS = YES;
				CLANG_WARN_DIRECT_OBJC_ISA_USAGE = YES_ERROR;
				CLANG_WARN_DOCUMENTATION_COMMENTS = YES;
				CLANG_WARN_EMPTY_BODY = YES;
				CLANG_WARN_ENUM_CONVERSION = YES;
				CLANG_WARN_INFINITE_RECURSION = YES;
				CLANG_WARN_INT_CONVERSION = YES;
				CLANG_WARN_NON_LITERAL_NULL_CONVERSION = YES;
				CLANG_WARN_OBJC_IMPLICIT_RETAIN_SELF = YES;
				CLANG_WARN_OBJC_LITERAL_CONVERSION = YES;
				CLANG_WARN_OBJC_ROOT_CLASS = YES_ERROR;
				CLANG_WARN_RANGE_LOOP_ANALYSIS = YES;
				CLANG_WARN_STRICT_PROTOTYPES = YES;
				CLANG_WARN_SUSPICIOUS_MOVE = YES;
				CLANG_WARN_UNGUARDED_AVAILABILITY = YES_AGGRESSIVE;
				CLANG_WARN_UNREACHABLE_CODE = YES;
				CLANG_WARN__DUPLICATE_METHOD_MATCH = YES;
				CODE_SIGN_IDENTITY = "iPhone Developer";
				COPY_PHASE_STRIP = NO;
				DEBUG_INFORMATION_FORMAT = dwarf;
				ENABLE_STRICT_OBJC_MSGSEND = YES;
				ENABLE_TESTABILITY = YES;
				GCC_C_LANGUAGE_STANDARD = gnu11;
				GCC_DYNAMIC_NO_PIC = NO;
				GCC_NO_COMMON_BLOCKS = YES;
				GCC_OPTIMIZATION_LEVEL = 0;
				GCC_PREPROCESSOR_DEFINITIONS = (
					"DEBUG=1",
					"$(inherited)",
				);
				GCC_WARN_64_TO_32_BIT_CONVERSION = YES;
				GCC_WARN_ABOUT_RETURN_TYPE = YES_ERROR;
				GCC_WARN_UNDECLARED_SELECTOR = YES;
				GCC_WARN_UNINITIALIZED_AUTOS = YES_AGGRESSIVE;
				GCC_WARN_UNUSED_FUNCTION = YES;
				GCC_WARN_UNUSED_VARIABLE = YES;
				IPHONEOS_DEPLOYMENT_TARGET = 11.4;
				MTL_ENABLE_DEBUG_INFO = YES;
				ONLY_ACTIVE_ARCH = YES;
				SDKROOT = iphoneos;
			};
			name = Debug;
		};
		EACE4D5A21708417007BAE73 /* Release */ = {
			isa = XCBuildConfiguration;
			buildSettings = {
				ALWAYS_SEARCH_USER_PATHS = NO;
				CLANG_ANALYZER_NONNULL = YES;
				CLANG_ANALYZER_NUMBER_OBJECT_CONVERSION = YES_AGGRESSIVE;
				CLANG_CXX_LANGUAGE_STANDARD = "gnu++14";
				CLANG_CXX_LIBRARY = "libc++";
				CLANG_ENABLE_MODULES = YES;
				CLANG_ENABLE_OBJC_ARC = YES;
				CLANG_ENABLE_OBJC_WEAK = YES;
				CLANG_WARN_BLOCK_CAPTURE_AUTORELEASING = YES;
				CLANG_WARN_BOOL_CONVERSION = YES;
				CLANG_WARN_COMMA = YES;
				CLANG_WARN_CONSTANT_CONVERSION = YES;
				CLANG_WARN_DEPRECATED_OBJC_IMPLEMENTATIONS = YES;
				CLANG_WARN_DIRECT_OBJC_ISA_USAGE = YES_ERROR;
				CLANG_WARN_DOCUMENTATION_COMMENTS = YES;
				CLANG_WARN_EMPTY_BODY = YES;
				CLANG_WARN_ENUM_CONVERSION = YES;
				CLANG_WARN_INFINITE_RECURSION = YES;
				CLANG_WARN_INT_CONVERSION = YES;
				CLANG_WARN_NON_LITERAL_NULL_CONVERSION = YES;
				CLANG_WARN_OBJC_IMPLICIT_RETAIN_SELF = YES;
				CLANG_WARN_OBJC_LITERAL_CONVERSION = YES;
				CLANG_WARN_OBJC_ROOT_CLASS = YES_ERROR;
				CLANG_WARN_RANGE_LOOP_ANALYSIS = YES;
				CLANG_WARN_STRICT_PROTOTYPES = YES;
				CLANG_WARN_SUSPICIOUS_MOVE = YES;
				CLANG_WARN_UNGUARDED_AVAILABILITY = YES_AGGRESSIVE;
				CLANG_WARN_UNREACHABLE_CODE = YES;
				CLANG_WARN__DUPLICATE_METHOD_MATCH = YES;
				CODE_SIGN_IDENTITY = "iPhone Developer";
				COPY_PHASE_STRIP = NO;
				DEBUG_INFORMATION_FORMAT = "dwarf-with-dsym";
				ENABLE_NS_ASSERTIONS = NO;
				ENABLE_STRICT_OBJC_MSGSEND = YES;
				GCC_C_LANGUAGE_STANDARD = gnu11;
				GCC_NO_COMMON_BLOCKS = YES;
				GCC_WARN_64_TO_32_BIT_CONVERSION = YES;
				GCC_WARN_ABOUT_RETURN_TYPE = YES_ERROR;
				GCC_WARN_UNDECLARED_SELECTOR = YES;
				GCC_WARN_UNINITIALIZED_AUTOS = YES_AGGRESSIVE;
				GCC_WARN_UNUSED_FUNCTION = YES;
				GCC_WARN_UNUSED_VARIABLE = YES;
				IPHONEOS_DEPLOYMENT_TARGET = 11.4;
				MTL_ENABLE_DEBUG_INFO = NO;
				SDKROOT = iphoneos;
				VALIDATE_PRODUCT = YES;
			};
			name = Release;
		};
		EACE4D5C21708417007BAE73 /* Debug */ = {
			isa = XCBuildConfiguration;
			buildSettings = {
				ASSETCATALOG_COMPILER_APPICON_NAME = AppIcon;
				CODE_SIGN_STYLE = Automatic;
				DEVELOPMENT_TEAM = 27P38Y7966;
				INFOPLIST_FILE = TestFontSizeAnimation/Info.plist;
				LD_RUNPATH_SEARCH_PATHS = (
					"$(inherited)",
					"@executable_path/Frameworks",
				);
				PRODUCT_BUNDLE_IDENTIFIER = nyl.TestFontSizeAnimation;
				PRODUCT_NAME = "$(TARGET_NAME)";
				TARGETED_DEVICE_FAMILY = "1,2";
			};
			name = Debug;
		};
		EACE4D5D21708417007BAE73 /* Release */ = {
			isa = XCBuildConfiguration;
			buildSettings = {
				ASSETCATALOG_COMPILER_APPICON_NAME = AppIcon;
				CODE_SIGN_STYLE = Automatic;
				DEVELOPMENT_TEAM = 27P38Y7966;
				INFOPLIST_FILE = TestFontSizeAnimation/Info.plist;
				LD_RUNPATH_SEARCH_PATHS = (
					"$(inherited)",
					"@executable_path/Frameworks",
				);
				PRODUCT_BUNDLE_IDENTIFIER = nyl.TestFontSizeAnimation;
				PRODUCT_NAME = "$(TARGET_NAME)";
				TARGETED_DEVICE_FAMILY = "1,2";
			};
			name = Release;
		};
/* End XCBuildConfiguration section */

/* Begin XCConfigurationList section */
		EACE4D4021708415007BAE73 /* Build configuration list for PBXProject "TestFontSizeAnimation" */ = {
			isa = XCConfigurationList;
			buildConfigurations = (
				EACE4D5921708417007BAE73 /* Debug */,
				EACE4D5A21708417007BAE73 /* Release */,
			);
			defaultConfigurationIsVisible = 0;
			defaultConfigurationName = Release;
		};
		EACE4D5B21708417007BAE73 /* Build configuration list for PBXNativeTarget "TestFontSizeAnimation" */ = {
			isa = XCConfigurationList;
			buildConfigurations = (
				EACE4D5C21708417007BAE73 /* Debug */,
				EACE4D5D21708417007BAE73 /* Release */,
			);
			defaultConfigurationIsVisible = 0;
			defaultConfigurationName = Release;
		};
/* End XCConfigurationList section */
	};
	rootObject = EACE4D3D21708415007BAE73 /* Project object */;
}
