// !$*UTF8*$!
{
	archiveVersion = 1;
	classes = {
	};
	objectVersion = 50;
	objects = {

/* Begin PBXBuildFile section */
		EABEC8F222AE45140016644A /* AppDelegate.m in Sources */ = {isa = PBXBuildFile; fileRef = EABEC8F122AE45140016644A /* AppDelegate.m */; };
		EABEC8F522AE45150016644A /* ViewController.m in Sources */ = {isa = PBXBuildFile; fileRef = EABEC8F422AE45150016644A /* ViewController.m */; };
		EABEC8F822AE45150016644A /* Main.storyboard in Resources */ = {isa = PBXBuildFile; fileRef = EABEC8F622AE45150016644A /* Main.storyboard */; };
		EABEC8FA22AE45160016644A /* Assets.xcassets in Resources */ = {isa = PBXBuildFile; fileRef = EABEC8F922AE45160016644A /* Assets.xcassets */; };
		EABEC8FD22AE45160016644A /* LaunchScreen.storyboard in Resources */ = {isa = PBXBuildFile; fileRef = EABEC8FB22AE45160016644A /* LaunchScreen.storyboard */; };
		EABEC90022AE45160016644A /* main.m in Sources */ = {isa = PBXBuildFile; fileRef = EABEC8FF22AE45160016644A /* main.m */; };
/* End PBXBuildFile section */

/* Begin PBXFileReference section */
		EABEC8ED22AE45140016644A /* TestEmptyAppLaunch.app */ = {isa = PBXFileReference; explicitFileType = wrapper.application; includeInIndex = 0; path = TestEmptyAppLaunch.app; sourceTree = BUILT_PRODUCTS_DIR; };
		EABEC8F022AE45140016644A /* AppDelegate.h */ = {isa = PBXFileReference; lastKnownFileType = sourcecode.c.h; path = AppDelegate.h; sourceTree = "<group>"; };
		EABEC8F122AE45140016644A /* AppDelegate.m */ = {isa = PBXFileReference; lastKnownFileType = sourcecode.c.objc; path = AppDelegate.m; sourceTree = "<group>"; };
		EABEC8F322AE45150016644A /* ViewController.h */ = {isa = PBXFileReference; lastKnownFileType = sourcecode.c.h; path = ViewController.h; sourceTree = "<group>"; };
		EABEC8F422AE45150016644A /* ViewController.m */ = {isa = PBXFileReference; lastKnownFileType = sourcecode.c.objc; path = ViewController.m; sourceTree = "<group>"; };
		EABEC8F722AE45150016644A /* Base */ = {isa = PBXFileReference; lastKnownFileType = file.storyboard; name = Base; path = Base.lproj/Main.storyboard; sourceTree = "<group>"; };
		EABEC8F922AE45160016644A /* Assets.xcassets */ = {isa = PBXFileReference; lastKnownFileType = folder.assetcatalog; path = Assets.xcassets; sourceTree = "<group>"; };
		EABEC8FC22AE45160016644A /* Base */ = {isa = PBXFileReference; lastKnownFileType = file.storyboard; name = Base; path = Base.lproj/LaunchScreen.storyboard; sourceTree = "<group>"; };
		EABEC8FE22AE45160016644A /* Info.plist */ = {isa = PBXFileReference; lastKnownFileType = text.plist.xml; path = Info.plist; sourceTree = "<group>"; };
		EABEC8FF22AE45160016644A /* main.m */ = {isa = PBXFileReference; lastKnownFileType = sourcecode.c.objc; path = main.m; sourceTree = "<group>"; };
/* End PBXFileReference section */

/* Begin PBXFrameworksBuildPhase section */
		EABEC8EA22AE45140016644A /* Frameworks */ = {
			isa = PBXFrameworksBuildPhase;
			buildActionMask = 2147483647;
			files = (
			);
			runOnlyForDeploymentPostprocessing = 0;
		};
/* End PBXFrameworksBuildPhase section */

/* Begin PBXGroup section */
		EABEC8E422AE45140016644A = {
			isa = PBXGroup;
			children = (
				EABEC8EF22AE45140016644A /* TestEmptyAppLaunch */,
				EABEC8EE22AE45140016644A /* Products */,
			);
			sourceTree = "<group>";
		};
		EABEC8EE22AE45140016644A /* Products */ = {
			isa = PBXGroup;
			children = (
				EABEC8ED22AE45140016644A /* TestEmptyAppLaunch.app */,
			);
			name = Products;
			sourceTree = "<group>";
		};
		EABEC8EF22AE45140016644A /* TestEmptyAppLaunch */ = {
			isa = PBXGroup;
			children = (
				EABEC8F022AE45140016644A /* AppDelegate.h */,
				EABEC8F122AE45140016644A /* AppDelegate.m */,
				EABEC8F322AE45150016644A /* ViewController.h */,
				EABEC8F422AE45150016644A /* ViewController.m */,
				EABEC8F622AE45150016644A /* Main.storyboard */,
				EABEC8F922AE45160016644A /* Assets.xcassets */,
				EABEC8FB22AE45160016644A /* LaunchScreen.storyboard */,
				EABEC8FE22AE45160016644A /* Info.plist */,
				EABEC8FF22AE45160016644A /* main.m */,
			);
			path = TestEmptyAppLaunch;
			sourceTree = "<group>";
		};
/* End PBXGroup section */

/* Begin PBXNativeTarget section */
		EABEC8EC22AE45140016644A /* TestEmptyAppLaunch */ = {
			isa = PBXNativeTarget;
			buildConfigurationList = EABEC90322AE45160016644A /* Build configuration list for PBXNativeTarget "TestEmptyAppLaunch" */;
			buildPhases = (
				EABEC8E922AE45140016644A /* Sources */,
				EABEC8EA22AE45140016644A /* Frameworks */,
				EABEC8EB22AE45140016644A /* Resources */,
			);
			buildRules = (
			);
			dependencies = (
			);
			name = TestEmptyAppLaunch;
			productName = TestEmptyAppLaunch;
			productReference = EABEC8ED22AE45140016644A /* TestEmptyAppLaunch.app */;
			productType = "com.apple.product-type.application";
		};
/* End PBXNativeTarget section */

/* Begin PBXProject section */
		EABEC8E522AE45140016644A /* Project object */ = {
			isa = PBXProject;
			attributes = {
				LastUpgradeCheck = 1020;
				ORGANIZATIONNAME = nyl;
				TargetAttributes = {
					EABEC8EC22AE45140016644A = {
						CreatedOnToolsVersion = 10.2;
					};
				};
			};
			buildConfigurationList = EABEC8E822AE45140016644A /* Build configuration list for PBXProject "TestEmptyAppLaunch" */;
			compatibilityVersion = "Xcode 9.3";
			developmentRegion = en;
			hasScannedForEncodings = 0;
			knownRegions = (
				en,
				Base,
			);
			mainGroup = EABEC8E422AE45140016644A;
			productRefGroup = EABEC8EE22AE45140016644A /* Products */;
			projectDirPath = "";
			projectRoot = "";
			targets = (
				EABEC8EC22AE45140016644A /* TestEmptyAppLaunch */,
			);
		};
/* End PBXProject section */

/* Begin PBXResourcesBuildPhase section */
		EABEC8EB22AE45140016644A /* Resources */ = {
			isa = PBXResourcesBuildPhase;
			buildActionMask = 2147483647;
			files = (
				EABEC8FD22AE45160016644A /* LaunchScreen.storyboard in Resources */,
				EABEC8FA22AE45160016644A /* Assets.xcassets in Resources */,
				EABEC8F822AE45150016644A /* Main.storyboard in Resources */,
			);
			runOnlyForDeploymentPostprocessing = 0;
		};
/* End PBXResourcesBuildPhase section */

/* Begin PBXSourcesBuildPhase section */
		EABEC8E922AE45140016644A /* Sources */ = {
			isa = PBXSourcesBuildPhase;
			buildActionMask = 2147483647;
			files = (
				EABEC8F522AE45150016644A /* ViewController.m in Sources */,
				EABEC90022AE45160016644A /* main.m in Sources */,
				EABEC8F222AE45140016644A /* AppDelegate.m in Sources */,
			);
			runOnlyForDeploymentPostprocessing = 0;
		};
/* End PBXSourcesBuildPhase section */

/* Begin PBXVariantGroup section */
		EABEC8F622AE45150016644A /* Main.storyboard */ = {
			isa = PBXVariantGroup;
			children = (
				EABEC8F722AE45150016644A /* Base */,
			);
			name = Main.storyboard;
			sourceTree = "<group>";
		};
		EABEC8FB22AE45160016644A /* LaunchScreen.storyboard */ = {
			isa = PBXVariantGroup;
			children = (
				EABEC8FC22AE45160016644A /* Base */,
			);
			name = LaunchScreen.storyboard;
			sourceTree = "<group>";
		};
/* End PBXVariantGroup section */

/* Begin XCBuildConfiguration section */
		EABEC90122AE45160016644A /* Debug */ = {
			isa = XCBuildConfiguration;
			buildSettings = {
				ALWAYS_SEARCH_USER_PATHS = NO;
				CLANG_ANALYZER_NONNULL = YES;
				CLANG_ANALYZER_NUMBER_OBJECT_CONVERSION = YES_AGGRESSIVE;
				CLANG_CXX_LANGUAGE_STANDARD = "gnu++14";
				CLANG_CXX_LIBRARY = "libc++";
				CLANG_ENABLE_MODULES = YES;
				CLANG_ENABLE_OBJC_ARC = YES;
				CLANG_ENABLE_OBJC_WEAK = YES;
				CLANG_WARN_BLOCK_CAPTURE_AUTORELEASING = YES;
				CLANG_WARN_BOOL_CONVERSION = YES;
				CLANG_WARN_COMMA = YES;
				CLANG_WARN_CONSTANT_CONVERSION = YES;
				CLANG_WARN_DEPRECATED_OBJC_IMPLEMENTATIONS = YES;
				CLANG_WARN_DIRECT_OBJC_ISA_USAGE = YES_ERROR;
				CLANG_WARN_DOCUMENTATION_COMMENTS = YES;
				CLANG_WARN_EMPTY_BODY = YES;
				CLANG_WARN_ENUM_CONVERSION = YES;
				CLANG_WARN_INFINITE_RECURSION = YES;
				CLANG_WARN_INT_CONVERSION = YES;
				CLANG_WARN_NON_LITERAL_NULL_CONVERSION = YES;
				CLANG_WARN_OBJC_IMPLICIT_RETAIN_SELF = YES;
				CLANG_WARN_OBJC_LITERAL_CONVERSION = YES;
				CLANG_WARN_OBJC_ROOT_CLASS = YES_ERROR;
				CLANG_WARN_RANGE_LOOP_ANALYSIS = YES;
				CLANG_WARN_STRICT_PROTOTYPES = YES;
				CLANG_WARN_SUSPICIOUS_MOVE = YES;
				CLANG_WARN_UNGUARDED_AVAILABILITY = YES_AGGRESSIVE;
				CLANG_WARN_UNREACHABLE_CODE = YES;
				CLANG_WARN__DUPLICATE_METHOD_MATCH = YES;
				CODE_SIGN_IDENTITY = "iPhone Developer";
				COPY_PHASE_STRIP = NO;
				DEBUG_INFORMATION_FORMAT = dwarf;
				ENABLE_STRICT_OBJC_MSGSEND = YES;
				ENABLE_TESTABILITY = YES;
				GCC_C_LANGUAGE_STANDARD = gnu11;
				GCC_DYNAMIC_NO_PIC = NO;
				GCC_NO_COMMON_BLOCKS = YES;
				GCC_OPTIMIZATION_LEVEL = 0;
				GCC_PREPROCESSOR_DEFINITIONS = (
					"DEBUG=1",
					"$(inherited)",
				);
				GCC_WARN_64_TO_32_BIT_CONVERSION = YES;
				GCC_WARN_ABOUT_RETURN_TYPE = YES_ERROR;
				GCC_WARN_UNDECLARED_SELECTOR = YES;
				GCC_WARN_UNINITIALIZED_AUTOS = YES_AGGRESSIVE;
				GCC_WARN_UNUSED_FUNCTION = YES;
				GCC_WARN_UNUSED_VARIABLE = YES;
				IPHONEOS_DEPLOYMENT_TARGET = 12.2;
				MTL_ENABLE_DEBUG_INFO = INCLUDE_SOURCE;
				MTL_FAST_MATH = YES;
				ONLY_ACTIVE_ARCH = YES;
				SDKROOT = iphoneos;
			};
			name = Debug;
		};
		EABEC90222AE45160016644A /* Release */ = {
			isa = XCBuildConfiguration;
			buildSettings = {
				ALWAYS_SEARCH_USER_PATHS = NO;
				CLANG_ANALYZER_NONNULL = YES;
				CLANG_ANALYZER_NUMBER_OBJECT_CONVERSION = YES_AGGRESSIVE;
				CLANG_CXX_LANGUAGE_STANDARD = "gnu++14";
				CLANG_CXX_LIBRARY = "libc++";
				CLANG_ENABLE_MODULES = YES;
				CLANG_ENABLE_OBJC_ARC = YES;
				CLANG_ENABLE_OBJC_WEAK = YES;
				CLANG_WARN_BLOCK_CAPTURE_AUTORELEASING = YES;
				CLANG_WARN_BOOL_CONVERSION = YES;
				CLANG_WARN_COMMA = YES;
				CLANG_WARN_CONSTANT_CONVERSION = YES;
				CLANG_WARN_DEPRECATED_OBJC_IMPLEMENTATIONS = YES;
				CLANG_WARN_DIRECT_OBJC_ISA_USAGE = YES_ERROR;
				CLANG_WARN_DOCUMENTATION_COMMENTS = YES;
				CLANG_WARN_EMPTY_BODY = YES;
				CLANG_WARN_ENUM_CONVERSION = YES;
				CLANG_WARN_INFINITE_RECURSION = YES;
				CLANG_WARN_INT_CONVERSION = YES;
				CLANG_WARN_NON_LITERAL_NULL_CONVERSION = YES;
				CLANG_WARN_OBJC_IMPLICIT_RETAIN_SELF = YES;
				CLANG_WARN_OBJC_LITERAL_CONVERSION = YES;
				CLANG_WARN_OBJC_ROOT_CLASS = YES_ERROR;
				CLANG_WARN_RANGE_LOOP_ANALYSIS = YES;
				CLANG_WARN_STRICT_PROTOTYPES = YES;
				CLANG_WARN_SUSPICIOUS_MOVE = YES;
				CLANG_WARN_UNGUARDED_AVAILABILITY = YES_AGGRESSIVE;
				CLANG_WARN_UNREACHABLE_CODE = YES;
				CLANG_WARN__DUPLICATE_METHOD_MATCH = YES;
				CODE_SIGN_IDENTITY = "iPhone Developer";
				COPY_PHASE_STRIP = NO;
				DEBUG_INFORMATION_FORMAT = "dwarf-with-dsym";
				ENABLE_NS_ASSERTIONS = NO;
				ENABLE_STRICT_OBJC_MSGSEND = YES;
				GCC_C_LANGUAGE_STANDARD = gnu11;
				GCC_NO_COMMON_BLOCKS = YES;
				GCC_WARN_64_TO_32_BIT_CONVERSION = YES;
				GCC_WARN_ABOUT_RETURN_TYPE = YES_ERROR;
				GCC_WARN_UNDECLARED_SELECTOR = YES;
				GCC_WARN_UNINITIALIZED_AUTOS = YES_AGGRESSIVE;
				GCC_WARN_UNUSED_FUNCTION = YES;
				GCC_WARN_UNUSED_VARIABLE = YES;
				IPHONEOS_DEPLOYMENT_TARGET = 12.2;
				MTL_ENABLE_DEBUG_INFO = NO;
				MTL_FAST_MATH = YES;
				SDKROOT = iphoneos;
				VALIDATE_PRODUCT = YES;
			};
			name = Release;
		};
		EABEC90422AE45160016644A /* Debug */ = {
			isa = XCBuildConfiguration;
			buildSettings = {
				ASSETCATALOG_COMPILER_APPICON_NAME = AppIcon;
				CODE_SIGN_STYLE = Manual;
				DEVELOPMENT_TEAM = 5TKVHWTT79;
				INFOPLIST_FILE = TestEmptyAppLaunch/Info.plist;
				IPHONEOS_DEPLOYMENT_TARGET = 8.0;
				LD_RUNPATH_SEARCH_PATHS = (
					"$(inherited)",
					"@executable_path/Frameworks",
				);
				PRODUCT_BUNDLE_IDENTIFIER = com.jd.jinrong2016;
				PRODUCT_NAME = "$(TARGET_NAME)";
				PROVISIONING_PROFILE_SPECIFIER = jinrong2016_debug;
				TARGETED_DEVICE_FAMILY = "1,2";
			};
			name = Debug;
		};
		EABEC90522AE45160016644A /* Release */ = {
			isa = XCBuildConfiguration;
			buildSettings = {
				ASSETCATALOG_COMPILER_APPICON_NAME = AppIcon;
				CODE_SIGN_STYLE = Manual;
				DEVELOPMENT_TEAM = 5TKVHWTT79;
				INFOPLIST_FILE = TestEmptyAppLaunch/Info.plist;
				IPHONEOS_DEPLOYMENT_TARGET = 8.0;
				LD_RUNPATH_SEARCH_PATHS = (
					"$(inherited)",
					"@executable_path/Frameworks",
				);
				PRODUCT_BUNDLE_IDENTIFIER = com.jd.jinrong2016;
				PRODUCT_NAME = "$(TARGET_NAME)";
				PROVISIONING_PROFILE_SPECIFIER = jinrong2016_debug;
				TARGETED_DEVICE_FAMILY = "1,2";
			};
			name = Release;
		};
/* End XCBuildConfiguration section */

/* Begin XCConfigurationList section */
		EABEC8E822AE45140016644A /* Build configuration list for PBXProject "TestEmptyAppLaunch" */ = {
			isa = XCConfigurationList;
			buildConfigurations = (
				EABEC90122AE45160016644A /* Debug */,
				EABEC90222AE45160016644A /* Release */,
			);
			defaultConfigurationIsVisible = 0;
			defaultConfigurationName = Release;
		};
		EABEC90322AE45160016644A /* Build configuration list for PBXNativeTarget "TestEmptyAppLaunch" */ = {
			isa = XCConfigurationList;
			buildConfigurations = (
				EABEC90422AE45160016644A /* Debug */,
				EABEC90522AE45160016644A /* Release */,
			);
			defaultConfigurationIsVisible = 0;
			defaultConfigurationName = Release;
		};
/* End XCConfigurationList section */
	};
	rootObject = EABEC8E522AE45140016644A /* Project object */;
}
