// !$*UTF8*$!
{
	archiveVersion = 1;
	classes = {
	};
	objectVersion = 50;
	objects = {

/* Begin PBXBuildFile section */
		EA8839DA22D2E08B0025C1D2 /* main.m in Sources */ = {isa = PBXBuildFile; fileRef = EA8839D922D2E08B0025C1D2 /* main.m */; };
		EA8839E222D2E09C0025C1D2 /* TestClass.m in Sources */ = {isa = PBXBuildFile; fileRef = EA8839E122D2E09C0025C1D2 /* TestClass.m */; };
		EA8839E522D2E1110025C1D2 /* TestClass+DuplicateMethod.m in Sources */ = {isa = PBXBuildFile; fileRef = EA8839E422D2E1110025C1D2 /* TestClass+DuplicateMethod.m */; };
/* End PBXBuildFile section */

/* Begin PBXCopyFilesBuildPhase section */
		EA8839D422D2E08A0025C1D2 /* CopyFiles */ = {
			isa = PBXCopyFilesBuildPhase;
			buildActionMask = 2147483647;
			dstPath = /usr/share/man/man1/;
			dstSubfolderSpec = 0;
			files = (
			);
			runOnlyForDeploymentPostprocessing = 1;
		};
/* End PBXCopyFilesBuildPhase section */

/* Begin PBXFileReference section */
		EA8839D622D2E08B0025C1D2 /* TestLoadAndInitializer */ = {isa = PBXFileReference; explicitFileType = "compiled.mach-o.executable"; includeInIndex = 0; path = TestLoadAndInitializer; sourceTree = BUILT_PRODUCTS_DIR; };
		EA8839D922D2E08B0025C1D2 /* main.m */ = {isa = PBXFileReference; lastKnownFileType = sourcecode.c.objc; path = main.m; sourceTree = "<group>"; };
		EA8839E022D2E09C0025C1D2 /* TestClass.h */ = {isa = PBXFileReference; lastKnownFileType = sourcecode.c.h; path = TestClass.h; sourceTree = "<group>"; };
		EA8839E122D2E09C0025C1D2 /* TestClass.m */ = {isa = PBXFileReference; lastKnownFileType = sourcecode.c.objc; path = TestClass.m; sourceTree = "<group>"; };
		EA8839E322D2E1110025C1D2 /* TestClass+DuplicateMethod.h */ = {isa = PBXFileReference; lastKnownFileType = sourcecode.c.h; path = "TestClass+DuplicateMethod.h"; sourceTree = "<group>"; };
		EA8839E422D2E1110025C1D2 /* TestClass+DuplicateMethod.m */ = {isa = PBXFileReference; lastKnownFileType = sourcecode.c.objc; path = "TestClass+DuplicateMethod.m"; sourceTree = "<group>"; };
		EA8839E622D2E1CA0025C1D2 /* README.md */ = {isa = PBXFileReference; lastKnownFileType = net.daringfireball.markdown; path = README.md; sourceTree = "<group>"; };
/* End PBXFileReference section */

/* Begin PBXFrameworksBuildPhase section */
		EA8839D322D2E08A0025C1D2 /* Frameworks */ = {
			isa = PBXFrameworksBuildPhase;
			buildActionMask = 2147483647;
			files = (
			);
			runOnlyForDeploymentPostprocessing = 0;
		};
/* End PBXFrameworksBuildPhase section */

/* Begin PBXGroup section */
		EA8839CD22D2E08A0025C1D2 = {
			isa = PBXGroup;
			children = (
				EA8839D822D2E08B0025C1D2 /* TestLoadAndInitializer */,
				EA8839D722D2E08B0025C1D2 /* Products */,
			);
			sourceTree = "<group>";
		};
		EA8839D722D2E08B0025C1D2 /* Products */ = {
			isa = PBXGroup;
			children = (
				EA8839D622D2E08B0025C1D2 /* TestLoadAndInitializer */,
			);
			name = Products;
			sourceTree = "<group>";
		};
		EA8839D822D2E08B0025C1D2 /* TestLoadAndInitializer */ = {
			isa = PBXGroup;
			children = (
				EA8839D922D2E08B0025C1D2 /* main.m */,
				EA8839E622D2E1CA0025C1D2 /* README.md */,
				EA8839E022D2E09C0025C1D2 /* TestClass.h */,
				EA8839E122D2E09C0025C1D2 /* TestClass.m */,
				EA8839E322D2E1110025C1D2 /* TestClass+DuplicateMethod.h */,
				EA8839E422D2E1110025C1D2 /* TestClass+DuplicateMethod.m */,
			);
			path = TestLoadAndInitializer;
			sourceTree = "<group>";
		};
/* End PBXGroup section */

/* Begin PBXNativeTarget section */
		EA8839D522D2E08A0025C1D2 /* TestLoadAndInitializer */ = {
			isa = PBXNativeTarget;
			buildConfigurationList = EA8839DD22D2E08B0025C1D2 /* Build configuration list for PBXNativeTarget "TestLoadAndInitializer" */;
			buildPhases = (
				EA8839D222D2E08A0025C1D2 /* Sources */,
				EA8839D322D2E08A0025C1D2 /* Frameworks */,
				EA8839D422D2E08A0025C1D2 /* CopyFiles */,
			);
			buildRules = (
			);
			dependencies = (
			);
			name = TestLoadAndInitializer;
			productName = TestLoadAndInitializer;
			productReference = EA8839D622D2E08B0025C1D2 /* TestLoadAndInitializer */;
			productType = "com.apple.product-type.tool";
		};
/* End PBXNativeTarget section */

/* Begin PBXProject section */
		EA8839CE22D2E08A0025C1D2 /* Project object */ = {
			isa = PBXProject;
			attributes = {
				LastUpgradeCheck = 1020;
				ORGANIZATIONNAME = nyl;
				TargetAttributes = {
					EA8839D522D2E08A0025C1D2 = {
						CreatedOnToolsVersion = 10.2;
					};
				};
			};
			buildConfigurationList = EA8839D122D2E08A0025C1D2 /* Build configuration list for PBXProject "TestLoadAndInitializer" */;
			compatibilityVersion = "Xcode 9.3";
			developmentRegion = en;
			hasScannedForEncodings = 0;
			knownRegions = (
				en,
			);
			mainGroup = EA8839CD22D2E08A0025C1D2;
			productRefGroup = EA8839D722D2E08B0025C1D2 /* Products */;
			projectDirPath = "";
			projectRoot = "";
			targets = (
				EA8839D522D2E08A0025C1D2 /* TestLoadAndInitializer */,
			);
		};
/* End PBXProject section */

/* Begin PBXSourcesBuildPhase section */
		EA8839D222D2E08A0025C1D2 /* Sources */ = {
			isa = PBXSourcesBuildPhase;
			buildActionMask = 2147483647;
			files = (
				EA8839E222D2E09C0025C1D2 /* TestClass.m in Sources */,
				EA8839E522D2E1110025C1D2 /* TestClass+DuplicateMethod.m in Sources */,
				EA8839DA22D2E08B0025C1D2 /* main.m in Sources */,
			);
			runOnlyForDeploymentPostprocessing = 0;
		};
/* End PBXSourcesBuildPhase section */

/* Begin XCBuildConfiguration section */
		EA8839DB22D2E08B0025C1D2 /* Debug */ = {
			isa = XCBuildConfiguration;
			buildSettings = {
				ALWAYS_SEARCH_USER_PATHS = NO;
				CLANG_ANALYZER_NONNULL = YES;
				CLANG_ANALYZER_NUMBER_OBJECT_CONVERSION = YES_AGGRESSIVE;
				CLANG_CXX_LANGUAGE_STANDARD = "gnu++14";
				CLANG_CXX_LIBRARY = "libc++";
				CLANG_ENABLE_MODULES = YES;
				CLANG_ENABLE_OBJC_ARC = YES;
				CLANG_ENABLE_OBJC_WEAK = YES;
				CLANG_WARN_BLOCK_CAPTURE_AUTORELEASING = YES;
				CLANG_WARN_BOOL_CONVERSION = YES;
				CLANG_WARN_COMMA = YES;
				CLANG_WARN_CONSTANT_CONVERSION = YES;
				CLANG_WARN_DEPRECATED_OBJC_IMPLEMENTATIONS = YES;
				CLANG_WARN_DIRECT_OBJC_ISA_USAGE = YES_ERROR;
				CLANG_WARN_DOCUMENTATION_COMMENTS = YES;
				CLANG_WARN_EMPTY_BODY = YES;
				CLANG_WARN_ENUM_CONVERSION = YES;
				CLANG_WARN_INFINITE_RECURSION = YES;
				CLANG_WARN_INT_CONVERSION = YES;
				CLANG_WARN_NON_LITERAL_NULL_CONVERSION = YES;
				CLANG_WARN_OBJC_IMPLICIT_RETAIN_SELF = YES;
				CLANG_WARN_OBJC_LITERAL_CONVERSION = YES;
				CLANG_WARN_OBJC_ROOT_CLASS = YES_ERROR;
				CLANG_WARN_RANGE_LOOP_ANALYSIS = YES;
				CLANG_WARN_STRICT_PROTOTYPES = YES;
				CLANG_WARN_SUSPICIOUS_MOVE = YES;
				CLANG_WARN_UNGUARDED_AVAILABILITY = YES_AGGRESSIVE;
				CLANG_WARN_UNREACHABLE_CODE = YES;
				CLANG_WARN__DUPLICATE_METHOD_MATCH = YES;
				CODE_SIGN_IDENTITY = "Mac Developer";
				COPY_PHASE_STRIP = NO;
				DEBUG_INFORMATION_FORMAT = dwarf;
				ENABLE_STRICT_OBJC_MSGSEND = YES;
				ENABLE_TESTABILITY = YES;
				GCC_C_LANGUAGE_STANDARD = gnu11;
				GCC_DYNAMIC_NO_PIC = NO;
				GCC_NO_COMMON_BLOCKS = YES;
				GCC_OPTIMIZATION_LEVEL = 0;
				GCC_PREPROCESSOR_DEFINITIONS = (
					"DEBUG=1",
					"$(inherited)",
				);
				GCC_WARN_64_TO_32_BIT_CONVERSION = YES;
				GCC_WARN_ABOUT_RETURN_TYPE = YES_ERROR;
				GCC_WARN_UNDECLARED_SELECTOR = YES;
				GCC_WARN_UNINITIALIZED_AUTOS = YES_AGGRESSIVE;
				GCC_WARN_UNUSED_FUNCTION = YES;
				GCC_WARN_UNUSED_VARIABLE = YES;
				MACOSX_DEPLOYMENT_TARGET = 10.14;
				MTL_ENABLE_DEBUG_INFO = INCLUDE_SOURCE;
				MTL_FAST_MATH = YES;
				ONLY_ACTIVE_ARCH = YES;
				SDKROOT = macosx;
			};
			name = Debug;
		};
		EA8839DC22D2E08B0025C1D2 /* Release */ = {
			isa = XCBuildConfiguration;
			buildSettings = {
				ALWAYS_SEARCH_USER_PATHS = NO;
				CLANG_ANALYZER_NONNULL = YES;
				CLANG_ANALYZER_NUMBER_OBJECT_CONVERSION = YES_AGGRESSIVE;
				CLANG_CXX_LANGUAGE_STANDARD = "gnu++14";
				CLANG_CXX_LIBRARY = "libc++";
				CLANG_ENABLE_MODULES = YES;
				CLANG_ENABLE_OBJC_ARC = YES;
				CLANG_ENABLE_OBJC_WEAK = YES;
				CLANG_WARN_BLOCK_CAPTURE_AUTORELEASING = YES;
				CLANG_WARN_BOOL_CONVERSION = YES;
				CLANG_WARN_COMMA = YES;
				CLANG_WARN_CONSTANT_CONVERSION = YES;
				CLANG_WARN_DEPRECATED_OBJC_IMPLEMENTATIONS = YES;
				CLANG_WARN_DIRECT_OBJC_ISA_USAGE = YES_ERROR;
				CLANG_WARN_DOCUMENTATION_COMMENTS = YES;
				CLANG_WARN_EMPTY_BODY = YES;
				CLANG_WARN_ENUM_CONVERSION = YES;
				CLANG_WARN_INFINITE_RECURSION = YES;
				CLANG_WARN_INT_CONVERSION = YES;
				CLANG_WARN_NON_LITERAL_NULL_CONVERSION = YES;
				CLANG_WARN_OBJC_IMPLICIT_RETAIN_SELF = YES;
				CLANG_WARN_OBJC_LITERAL_CONVERSION = YES;
				CLANG_WARN_OBJC_ROOT_CLASS = YES_ERROR;
				CLANG_WARN_RANGE_LOOP_ANALYSIS = YES;
				CLANG_WARN_STRICT_PROTOTYPES = YES;
				CLANG_WARN_SUSPICIOUS_MOVE = YES;
				CLANG_WARN_UNGUARDED_AVAILABILITY = YES_AGGRESSIVE;
				CLANG_WARN_UNREACHABLE_CODE = YES;
				CLANG_WARN__DUPLICATE_METHOD_MATCH = YES;
				CODE_SIGN_IDENTITY = "Mac Developer";
				COPY_PHASE_STRIP = NO;
				DEBUG_INFORMATION_FORMAT = "dwarf-with-dsym";
				ENABLE_NS_ASSERTIONS = NO;
				ENABLE_STRICT_OBJC_MSGSEND = YES;
				GCC_C_LANGUAGE_STANDARD = gnu11;
				GCC_NO_COMMON_BLOCKS = YES;
				GCC_WARN_64_TO_32_BIT_CONVERSION = YES;
				GCC_WARN_ABOUT_RETURN_TYPE = YES_ERROR;
				GCC_WARN_UNDECLARED_SELECTOR = YES;
				GCC_WARN_UNINITIALIZED_AUTOS = YES_AGGRESSIVE;
				GCC_WARN_UNUSED_FUNCTION = YES;
				GCC_WARN_UNUSED_VARIABLE = YES;
				MACOSX_DEPLOYMENT_TARGET = 10.14;
				MTL_ENABLE_DEBUG_INFO = NO;
				MTL_FAST_MATH = YES;
				SDKROOT = macosx;
			};
			name = Release;
		};
		EA8839DE22D2E08B0025C1D2 /* Debug */ = {
			isa = XCBuildConfiguration;
			buildSettings = {
				CODE_SIGN_STYLE = Automatic;
				DEVELOPMENT_TEAM = 27P38Y7966;
				PRODUCT_NAME = "$(TARGET_NAME)";
			};
			name = Debug;
		};
		EA8839DF22D2E08B0025C1D2 /* Release */ = {
			isa = XCBuildConfiguration;
			buildSettings = {
				CODE_SIGN_STYLE = Automatic;
				DEVELOPMENT_TEAM = 27P38Y7966;
				PRODUCT_NAME = "$(TARGET_NAME)";
			};
			name = Release;
		};
/* End XCBuildConfiguration section */

/* Begin XCConfigurationList section */
		EA8839D122D2E08A0025C1D2 /* Build configuration list for PBXProject "TestLoadAndInitializer" */ = {
			isa = XCConfigurationList;
			buildConfigurations = (
				EA8839DB22D2E08B0025C1D2 /* Debug */,
				EA8839DC22D2E08B0025C1D2 /* Release */,
			);
			defaultConfigurationIsVisible = 0;
			defaultConfigurationName = Release;
		};
		EA8839DD22D2E08B0025C1D2 /* Build configuration list for PBXNativeTarget "TestLoadAndInitializer" */ = {
			isa = XCConfigurationList;
			buildConfigurations = (
				EA8839DE22D2E08B0025C1D2 /* Debug */,
				EA8839DF22D2E08B0025C1D2 /* Release */,
			);
			defaultConfigurationIsVisible = 0;
			defaultConfigurationName = Release;
		};
/* End XCConfigurationList section */
	};
	rootObject = EA8839CE22D2E08A0025C1D2 /* Project object */;
}
