// !$*UTF8*$!
{
	archiveVersion = 1;
	classes = {
	};
	objectVersion = 50;
	objects = {

/* Begin PBXBuildFile section */
		EA1E598F22EB02A90038C6CD /* AppDelegate.m in Sources */ = {isa = PBXBuildFile; fileRef = EA1E598E22EB02A90038C6CD /* AppDelegate.m */; };
		EA1E599222EB02A90038C6CD /* SceneDelegate.m in Sources */ = {isa = PBXBuildFile; fileRef = EA1E599122EB02A90038C6CD /* SceneDelegate.m */; };
		EA1E599522EB02A90038C6CD /* ViewController.m in Sources */ = {isa = PBXBuildFile; fileRef = EA1E599422EB02A90038C6CD /* ViewController.m */; };
		EA1E599822EB02A90038C6CD /* Main.storyboard in Resources */ = {isa = PBXBuildFile; fileRef = EA1E599622EB02A90038C6CD /* Main.storyboard */; };
		EA1E599A22EB02AB0038C6CD /* Assets.xcassets in Resources */ = {isa = PBXBuildFile; fileRef = EA1E599922EB02AB0038C6CD /* Assets.xcassets */; };
		EA1E599D22EB02AB0038C6CD /* LaunchScreen.storyboard in Resources */ = {isa = PBXBuildFile; fileRef = EA1E599B22EB02AB0038C6CD /* LaunchScreen.storyboard */; };
		EA1E59A022EB02AB0038C6CD /* main.m in Sources */ = {isa = PBXBuildFile; fileRef = EA1E599F22EB02AB0038C6CD /* main.m */; };
/* End PBXBuildFile section */

/* Begin PBXFileReference section */
		EA1E598A22EB02A90038C6CD /* TestGCD.app */ = {isa = PBXFileReference; explicitFileType = wrapper.application; includeInIndex = 0; path = TestGCD.app; sourceTree = BUILT_PRODUCTS_DIR; };
		EA1E598D22EB02A90038C6CD /* AppDelegate.h */ = {isa = PBXFileReference; lastKnownFileType = sourcecode.c.h; path = AppDelegate.h; sourceTree = "<group>"; };
		EA1E598E22EB02A90038C6CD /* AppDelegate.m */ = {isa = PBXFileReference; lastKnownFileType = sourcecode.c.objc; path = AppDelegate.m; sourceTree = "<group>"; };
		EA1E599022EB02A90038C6CD /* SceneDelegate.h */ = {isa = PBXFileReference; lastKnownFileType = sourcecode.c.h; path = SceneDelegate.h; sourceTree = "<group>"; };
		EA1E599122EB02A90038C6CD /* SceneDelegate.m */ = {isa = PBXFileReference; lastKnownFileType = sourcecode.c.objc; path = SceneDelegate.m; sourceTree = "<group>"; };
		EA1E599322EB02A90038C6CD /* ViewController.h */ = {isa = PBXFileReference; lastKnownFileType = sourcecode.c.h; path = ViewController.h; sourceTree = "<group>"; };
		EA1E599422EB02A90038C6CD /* ViewController.m */ = {isa = PBXFileReference; lastKnownFileType = sourcecode.c.objc; path = ViewController.m; sourceTree = "<group>"; };
		EA1E599722EB02A90038C6CD /* Base */ = {isa = PBXFileReference; lastKnownFileType = file.storyboard; name = Base; path = Base.lproj/Main.storyboard; sourceTree = "<group>"; };
		EA1E599922EB02AB0038C6CD /* Assets.xcassets */ = {isa = PBXFileReference; lastKnownFileType = folder.assetcatalog; path = Assets.xcassets; sourceTree = "<group>"; };
		EA1E599C22EB02AB0038C6CD /* Base */ = {isa = PBXFileReference; lastKnownFileType = file.storyboard; name = Base; path = Base.lproj/LaunchScreen.storyboard; sourceTree = "<group>"; };
		EA1E599E22EB02AB0038C6CD /* Info.plist */ = {isa = PBXFileReference; lastKnownFileType = text.plist.xml; path = Info.plist; sourceTree = "<group>"; };
		EA1E599F22EB02AB0038C6CD /* main.m */ = {isa = PBXFileReference; lastKnownFileType = sourcecode.c.objc; path = main.m; sourceTree = "<group>"; };
/* End PBXFileReference section */

/* Begin PBXFrameworksBuildPhase section */
		EA1E598722EB02A90038C6CD /* Frameworks */ = {
			isa = PBXFrameworksBuildPhase;
			buildActionMask = 2147483647;
			files = (
			);
			runOnlyForDeploymentPostprocessing = 0;
		};
/* End PBXFrameworksBuildPhase section */

/* Begin PBXGroup section */
		EA1E598122EB02A90038C6CD = {
			isa = PBXGroup;
			children = (
				EA1E598C22EB02A90038C6CD /* TestGCD */,
				EA1E598B22EB02A90038C6CD /* Products */,
			);
			sourceTree = "<group>";
		};
		EA1E598B22EB02A90038C6CD /* Products */ = {
			isa = PBXGroup;
			children = (
				EA1E598A22EB02A90038C6CD /* TestGCD.app */,
			);
			name = Products;
			sourceTree = "<group>";
		};
		EA1E598C22EB02A90038C6CD /* TestGCD */ = {
			isa = PBXGroup;
			children = (
				EA1E598D22EB02A90038C6CD /* AppDelegate.h */,
				EA1E598E22EB02A90038C6CD /* AppDelegate.m */,
				EA1E599022EB02A90038C6CD /* SceneDelegate.h */,
				EA1E599122EB02A90038C6CD /* SceneDelegate.m */,
				EA1E599322EB02A90038C6CD /* ViewController.h */,
				EA1E599422EB02A90038C6CD /* ViewController.m */,
				EA1E599622EB02A90038C6CD /* Main.storyboard */,
				EA1E599922EB02AB0038C6CD /* Assets.xcassets */,
				EA1E599B22EB02AB0038C6CD /* LaunchScreen.storyboard */,
				EA1E599E22EB02AB0038C6CD /* Info.plist */,
				EA1E599F22EB02AB0038C6CD /* main.m */,
			);
			path = TestGCD;
			sourceTree = "<group>";
		};
/* End PBXGroup section */

/* Begin PBXNativeTarget section */
		EA1E598922EB02A90038C6CD /* TestGCD */ = {
			isa = PBXNativeTarget;
			buildConfigurationList = EA1E59A322EB02AB0038C6CD /* Build configuration list for PBXNativeTarget "TestGCD" */;
			buildPhases = (
				EA1E598622EB02A90038C6CD /* Sources */,
				EA1E598722EB02A90038C6CD /* Frameworks */,
				EA1E598822EB02A90038C6CD /* Resources */,
			);
			buildRules = (
			);
			dependencies = (
			);
			name = TestGCD;
			productName = TestGCD;
			productReference = EA1E598A22EB02A90038C6CD /* TestGCD.app */;
			productType = "com.apple.product-type.application";
		};
/* End PBXNativeTarget section */

/* Begin PBXProject section */
		EA1E598222EB02A90038C6CD /* Project object */ = {
			isa = PBXProject;
			attributes = {
				LastUpgradeCheck = 1100;
				ORGANIZATIONNAME = nyl;
				TargetAttributes = {
					EA1E598922EB02A90038C6CD = {
						CreatedOnToolsVersion = 11.0;
					};
				};
			};
			buildConfigurationList = EA1E598522EB02A90038C6CD /* Build configuration list for PBXProject "TestGCD" */;
			compatibilityVersion = "Xcode 9.3";
			developmentRegion = en;
			hasScannedForEncodings = 0;
			knownRegions = (
				en,
				Base,
			);
			mainGroup = EA1E598122EB02A90038C6CD;
			productRefGroup = EA1E598B22EB02A90038C6CD /* Products */;
			projectDirPath = "";
			projectRoot = "";
			targets = (
				EA1E598922EB02A90038C6CD /* TestGCD */,
			);
		};
/* End PBXProject section */

/* Begin PBXResourcesBuildPhase section */
		EA1E598822EB02A90038C6CD /* Resources */ = {
			isa = PBXResourcesBuildPhase;
			buildActionMask = 2147483647;
			files = (
				EA1E599D22EB02AB0038C6CD /* LaunchScreen.storyboard in Resources */,
				EA1E599A22EB02AB0038C6CD /* Assets.xcassets in Resources */,
				EA1E599822EB02A90038C6CD /* Main.storyboard in Resources */,
			);
			runOnlyForDeploymentPostprocessing = 0;
		};
/* End PBXResourcesBuildPhase section */

/* Begin PBXSourcesBuildPhase section */
		EA1E598622EB02A90038C6CD /* Sources */ = {
			isa = PBXSourcesBuildPhase;
			buildActionMask = 2147483647;
			files = (
				EA1E599522EB02A90038C6CD /* ViewController.m in Sources */,
				EA1E598F22EB02A90038C6CD /* AppDelegate.m in Sources */,
				EA1E59A022EB02AB0038C6CD /* main.m in Sources */,
				EA1E599222EB02A90038C6CD /* SceneDelegate.m in Sources */,
			);
			runOnlyForDeploymentPostprocessing = 0;
		};
/* End PBXSourcesBuildPhase section */

/* Begin PBXVariantGroup section */
		EA1E599622EB02A90038C6CD /* Main.storyboard */ = {
			isa = PBXVariantGroup;
			children = (
				EA1E599722EB02A90038C6CD /* Base */,
			);
			name = Main.storyboard;
			sourceTree = "<group>";
		};
		EA1E599B22EB02AB0038C6CD /* LaunchScreen.storyboard */ = {
			isa = PBXVariantGroup;
			children = (
				EA1E599C22EB02AB0038C6CD /* Base */,
			);
			name = LaunchScreen.storyboard;
			sourceTree = "<group>";
		};
/* End PBXVariantGroup section */

/* Begin XCBuildConfiguration section */
		EA1E59A122EB02AB0038C6CD /* Debug */ = {
			isa = XCBuildConfiguration;
			buildSettings = {
				ALWAYS_SEARCH_USER_PATHS = NO;
				CLANG_ANALYZER_NONNULL = YES;
				CLANG_ANALYZER_NUMBER_OBJECT_CONVERSION = YES_AGGRESSIVE;
				CLANG_CXX_LANGUAGE_STANDARD = "gnu++14";
				CLANG_CXX_LIBRARY = "libc++";
				CLANG_ENABLE_MODULES = YES;
				CLANG_ENABLE_OBJC_ARC = YES;
				CLANG_ENABLE_OBJC_WEAK = YES;
				CLANG_WARN_BLOCK_CAPTURE_AUTORELEASING = YES;
				CLANG_WARN_BOOL_CONVERSION = YES;
				CLANG_WARN_COMMA = YES;
				CLANG_WARN_CONSTANT_CONVERSION = YES;
				CLANG_WARN_DEPRECATED_OBJC_IMPLEMENTATIONS = YES;
				CLANG_WARN_DIRECT_OBJC_ISA_USAGE = YES_ERROR;
				CLANG_WARN_DOCUMENTATION_COMMENTS = YES;
				CLANG_WARN_EMPTY_BODY = YES;
				CLANG_WARN_ENUM_CONVERSION = YES;
				CLANG_WARN_INFINITE_RECURSION = YES;
				CLANG_WARN_INT_CONVERSION = YES;
				CLANG_WARN_NON_LITERAL_NULL_CONVERSION = YES;
				CLANG_WARN_OBJC_IMPLICIT_RETAIN_SELF = YES;
				CLANG_WARN_OBJC_LITERAL_CONVERSION = YES;
				CLANG_WARN_OBJC_ROOT_CLASS = YES_ERROR;
				CLANG_WARN_RANGE_LOOP_ANALYSIS = YES;
				CLANG_WARN_STRICT_PROTOTYPES = YES;
				CLANG_WARN_SUSPICIOUS_MOVE = YES;
				CLANG_WARN_UNGUARDED_AVAILABILITY = YES_AGGRESSIVE;
				CLANG_WARN_UNREACHABLE_CODE = YES;
				CLANG_WARN__DUPLICATE_METHOD_MATCH = YES;
				COPY_PHASE_STRIP = NO;
				DEBUG_INFORMATION_FORMAT = dwarf;
				ENABLE_STRICT_OBJC_MSGSEND = YES;
				ENABLE_TESTABILITY = YES;
				GCC_C_LANGUAGE_STANDARD = gnu11;
				GCC_DYNAMIC_NO_PIC = NO;
				GCC_NO_COMMON_BLOCKS = YES;
				GCC_OPTIMIZATION_LEVEL = 0;
				GCC_PREPROCESSOR_DEFINITIONS = (
					"DEBUG=1",
					"$(inherited)",
				);
				GCC_WARN_64_TO_32_BIT_CONVERSION = YES;
				GCC_WARN_ABOUT_RETURN_TYPE = YES_ERROR;
				GCC_WARN_UNDECLARED_SELECTOR = YES;
				GCC_WARN_UNINITIALIZED_AUTOS = YES_AGGRESSIVE;
				GCC_WARN_UNUSED_FUNCTION = YES;
				GCC_WARN_UNUSED_VARIABLE = YES;
				IPHONEOS_DEPLOYMENT_TARGET = 13.0;
				MTL_ENABLE_DEBUG_INFO = INCLUDE_SOURCE;
				MTL_FAST_MATH = YES;
				ONLY_ACTIVE_ARCH = YES;
				SDKROOT = iphoneos;
			};
			name = Debug;
		};
		EA1E59A222EB02AB0038C6CD /* Release */ = {
			isa = XCBuildConfiguration;
			buildSettings = {
				ALWAYS_SEARCH_USER_PATHS = NO;
				CLANG_ANALYZER_NONNULL = YES;
				CLANG_ANALYZER_NUMBER_OBJECT_CONVERSION = YES_AGGRESSIVE;
				CLANG_CXX_LANGUAGE_STANDARD = "gnu++14";
				CLANG_CXX_LIBRARY = "libc++";
				CLANG_ENABLE_MODULES = YES;
				CLANG_ENABLE_OBJC_ARC = YES;
				CLANG_ENABLE_OBJC_WEAK = YES;
				CLANG_WARN_BLOCK_CAPTURE_AUTORELEASING = YES;
				CLANG_WARN_BOOL_CONVERSION = YES;
				CLANG_WARN_COMMA = YES;
				CLANG_WARN_CONSTANT_CONVERSION = YES;
				CLANG_WARN_DEPRECATED_OBJC_IMPLEMENTATIONS = YES;
				CLANG_WARN_DIRECT_OBJC_ISA_USAGE = YES_ERROR;
				CLANG_WARN_DOCUMENTATION_COMMENTS = YES;
				CLANG_WARN_EMPTY_BODY = YES;
				CLANG_WARN_ENUM_CONVERSION = YES;
				CLANG_WARN_INFINITE_RECURSION = YES;
				CLANG_WARN_INT_CONVERSION = YES;
				CLANG_WARN_NON_LITERAL_NULL_CONVERSION = YES;
				CLANG_WARN_OBJC_IMPLICIT_RETAIN_SELF = YES;
				CLANG_WARN_OBJC_LITERAL_CONVERSION = YES;
				CLANG_WARN_OBJC_ROOT_CLASS = YES_ERROR;
				CLANG_WARN_RANGE_LOOP_ANALYSIS = YES;
				CLANG_WARN_STRICT_PROTOTYPES = YES;
				CLANG_WARN_SUSPICIOUS_MOVE = YES;
				CLANG_WARN_UNGUARDED_AVAILABILITY = YES_AGGRESSIVE;
				CLANG_WARN_UNREACHABLE_CODE = YES;
				CLANG_WARN__DUPLICATE_METHOD_MATCH = YES;
				COPY_PHASE_STRIP = NO;
				DEBUG_INFORMATION_FORMAT = "dwarf-with-dsym";
				ENABLE_NS_ASSERTIONS = NO;
				ENABLE_STRICT_OBJC_MSGSEND = YES;
				GCC_C_LANGUAGE_STANDARD = gnu11;
				GCC_NO_COMMON_BLOCKS = YES;
				GCC_WARN_64_TO_32_BIT_CONVERSION = YES;
				GCC_WARN_ABOUT_RETURN_TYPE = YES_ERROR;
				GCC_WARN_UNDECLARED_SELECTOR = YES;
				GCC_WARN_UNINITIALIZED_AUTOS = YES_AGGRESSIVE;
				GCC_WARN_UNUSED_FUNCTION = YES;
				GCC_WARN_UNUSED_VARIABLE = YES;
				IPHONEOS_DEPLOYMENT_TARGET = 13.0;
				MTL_ENABLE_DEBUG_INFO = NO;
				MTL_FAST_MATH = YES;
				SDKROOT = iphoneos;
				VALIDATE_PRODUCT = YES;
			};
			name = Release;
		};
		EA1E59A422EB02AB0038C6CD /* Debug */ = {
			isa = XCBuildConfiguration;
			buildSettings = {
				ASSETCATALOG_COMPILER_APPICON_NAME = AppIcon;
				CODE_SIGN_STYLE = Automatic;
				DEVELOPMENT_TEAM = 27P38Y7966;
				INFOPLIST_FILE = TestGCD/Info.plist;
				LD_RUNPATH_SEARCH_PATHS = (
					"$(inherited)",
					"@executable_path/Frameworks",
				);
				PRODUCT_BUNDLE_IDENTIFIER = nyl.TestGCD;
				PRODUCT_NAME = "$(TARGET_NAME)";
				TARGETED_DEVICE_FAMILY = "1,2";
			};
			name = Debug;
		};
		EA1E59A522EB02AB0038C6CD /* Release */ = {
			isa = XCBuildConfiguration;
			buildSettings = {
				ASSETCATALOG_COMPILER_APPICON_NAME = AppIcon;
				CODE_SIGN_STYLE = Automatic;
				DEVELOPMENT_TEAM = 27P38Y7966;
				INFOPLIST_FILE = TestGCD/Info.plist;
				LD_RUNPATH_SEARCH_PATHS = (
					"$(inherited)",
					"@executable_path/Frameworks",
				);
				PRODUCT_BUNDLE_IDENTIFIER = nyl.TestGCD;
				PRODUCT_NAME = "$(TARGET_NAME)";
				TARGETED_DEVICE_FAMILY = "1,2";
			};
			name = Release;
		};
/* End XCBuildConfiguration section */

/* Begin XCConfigurationList section */
		EA1E598522EB02A90038C6CD /* Build configuration list for PBXProject "TestGCD" */ = {
			isa = XCConfigurationList;
			buildConfigurations = (
				EA1E59A122EB02AB0038C6CD /* Debug */,
				EA1E59A222EB02AB0038C6CD /* Release */,
			);
			defaultConfigurationIsVisible = 0;
			defaultConfigurationName = Release;
		};
		EA1E59A322EB02AB0038C6CD /* Build configuration list for PBXNativeTarget "TestGCD" */ = {
			isa = XCConfigurationList;
			buildConfigurations = (
				EA1E59A422EB02AB0038C6CD /* Debug */,
				EA1E59A522EB02AB0038C6CD /* Release */,
			);
			defaultConfigurationIsVisible = 0;
			defaultConfigurationName = Release;
		};
/* End XCConfigurationList section */
	};
	rootObject = EA1E598222EB02A90038C6CD /* Project object */;
}
